
Microsoft Visual Studio Solution File, Format Version 12.00
# Visual Studio 15
Project("{FAE04EC0-301F-11D3-BF4B-00C04F79EFBC}") = "Meta.Voice.NLayer", "Meta.Voice.NLayer.csproj", "{B98FC7D3-C0DC-494F-7C75-0C7A5AB250DC}"
EndProject
Project("{FAE04EC0-301F-11D3-BF4B-00C04F79EFBC}") = "Unity.Timeline", "Unity.Timeline.csproj", "{AA71CFAB-420E-E867-0666-4F0F82B56279}"
EndProject
Project("{FAE04EC0-301F-11D3-BF4B-00C04F79EFBC}") = "Unity.VisualScripting.Flow", "Unity.VisualScripting.Flow.csproj", "{A6503458-BC1A-FC3E-DE9F-320CB2945529}"
EndProject
Project("{FAE04EC0-301F-11D3-BF4B-00C04F79EFBC}") = "Unity.XR.Management", "Unity.XR.Management.csproj", "{46AD4547-8894-0697-F82E-DEF65AECEFBC}"
EndProject
Project("{FAE04EC0-301F-11D3-BF4B-00C04F79EFBC}") = "Meta.XR.MultiplayerBlocks.Shared", "Meta.XR.MultiplayerBlocks.Shared.csproj", "{28B68512-A070-137F-8794-392854213A70}"
EndProject
Project("{FAE04EC0-301F-11D3-BF4B-00C04F79EFBC}") = "Unity.PlasticSCM.Editor", "Unity.PlasticSCM.Editor.csproj", "{D91B6A68-CC51-EEDF-EECD-A582294ED2E9}"
EndProject
Project("{FAE04EC0-301F-11D3-BF4B-00C04F79EFBC}") = "Unity.InputSystem", "Unity.InputSystem.csproj", "{67902707-2E49-4DAC-7E08-A40DC440FCD5}"
EndProject
Project("{FAE04EC0-301F-11D3-BF4B-00C04F79EFBC}") = "Oculus.Interaction", "Oculus.Interaction.csproj", "{399210E1-EFA6-B134-AB89-71E27613E94E}"
EndProject
Project("{FAE04EC0-301F-11D3-BF4B-00C04F79EFBC}") = "Oculus.Interaction.UnityXR", "Oculus.Interaction.UnityXR.csproj", "{6F92C7E4-5363-349C-D1DD-FB41ECFD0934}"
EndProject
Project("{FAE04EC0-301F-11D3-BF4B-00C04F79EFBC}") = "Meta.WitAi.Lib", "Meta.WitAi.Lib.csproj", "{011B871C-86AA-D2AA-88D1-1D526781229B}"
EndProject
Project("{FAE04EC0-301F-11D3-BF4B-00C04F79EFBC}") = "Unity.XR.Interaction.Toolkit", "Unity.XR.Interaction.Toolkit.csproj", "{0F886673-B056-0A7D-07E1-22A787F92403}"
EndProject
Project("{FAE04EC0-301F-11D3-BF4B-00C04F79EFBC}") = "UnityEditor.UI", "UnityEditor.UI.csproj", "{067C016A-9BDF-7DCE-2E59-C851BCB7CD88}"
EndProject
Project("{FAE04EC0-301F-11D3-BF4B-00C04F79EFBC}") = "Unity.XR.CoreUtils.Editor", "Unity.XR.CoreUtils.Editor.csproj", "{89DDA7E0-C846-1892-1534-B35825F7B75E}"
EndProject
Project("{FAE04EC0-301F-11D3-BF4B-00C04F79EFBC}") = "Meta.XR.BuildingBlocks", "Meta.XR.BuildingBlocks.csproj", "{2761BA9C-62DC-ABD6-DD90-7A3204DD1E18}"
EndProject
Project("{FAE04EC0-301F-11D3-BF4B-00C04F79EFBC}") = "Unity.XR.Interaction.Toolkit.Editor", "Unity.XR.Interaction.Toolkit.Editor.csproj", "{0993B610-BBBA-ED0F-2B1D-E07B2C24DC56}"
EndProject
Project("{FAE04EC0-301F-11D3-BF4B-00C04F79EFBC}") = "Unity.XR.Interaction.Toolkit.Samples.StarterAssets", "Unity.XR.Interaction.Toolkit.Samples.StarterAssets.csproj", "{E965D3A1-D697-4EFE-2F68-0F8FF8D4BC4B}"
EndProject
Project("{FAE04EC0-301F-11D3-BF4B-00C04F79EFBC}") = "Unity.Timeline.Editor", "Unity.Timeline.Editor.csproj", "{9DC54C43-50D1-95EB-BB01-5C3160E083A4}"
EndProject
Project("{FAE04EC0-301F-11D3-BF4B-00C04F79EFBC}") = "Meta.WitAi", "Meta.WitAi.csproj", "{011DC4E5-56EC-BE8F-8A66-8B7D2492CBBF}"
EndProject
Project("{FAE04EC0-301F-11D3-BF4B-00C04F79EFBC}") = "Unity.Mathematics", "Unity.Mathematics.csproj", "{F3E1D955-3AEC-9B08-AE6D-867DCA9DF752}"
EndProject
Project("{FAE04EC0-301F-11D3-BF4B-00C04F79EFBC}") = "Oculus.Interaction.Editor", "Oculus.Interaction.Editor.csproj", "{65B5E4DC-B3F5-FA33-F51A-EF234F3864D1}"
EndProject
Project("{FAE04EC0-301F-11D3-BF4B-00C04F79EFBC}") = "Oculus.Platform.Editor", "Oculus.Platform.Editor.csproj", "{5B8DCB86-2C5F-E8A8-144D-3B418FBF32B4}"
EndProject
Project("{FAE04EC0-301F-11D3-BF4B-00C04F79EFBC}") = "Meta.Voice.VSDKHub.Editor", "Meta.Voice.VSDKHub.Editor.csproj", "{A675791A-1F48-391C-8140-1140C4D746EA}"
EndProject
Project("{FAE04EC0-301F-11D3-BF4B-00C04F79EFBC}") = "Unity.VisualScripting.Core.Editor", "Unity.VisualScripting.Core.Editor.csproj", "{CFFA2412-CEE9-25F5-3A2B-B0C3D2F7DC7F}"
EndProject
Project("{FAE04EC0-301F-11D3-BF4B-00C04F79EFBC}") = "Meta.XR.BuildingBlocks.Editor", "Meta.XR.BuildingBlocks.Editor.csproj", "{991C67F5-B89A-EED2-1DE5-B31CC2594D66}"
EndProject
Project("{FAE04EC0-301F-11D3-BF4B-00C04F79EFBC}") = "UnityEditor.TestRunner", "UnityEditor.TestRunner.csproj", "{A3047590-38BB-CCB1-C01D-C771027F8920}"
EndProject
Project("{FAE04EC0-301F-11D3-BF4B-00C04F79EFBC}") = "Unity.XR.CoreUtils", "Unity.XR.CoreUtils.csproj", "{10FEC6B8-82EB-97C9-5039-491A8971E26C}"
EndProject
Project("{FAE04EC0-301F-11D3-BF4B-00C04F79EFBC}") = "Oculus.Platform", "Oculus.Platform.csproj", "{6F5DCEA0-CD24-3850-1354-95B968FF52EC}"
EndProject
Project("{FAE04EC0-301F-11D3-BF4B-00C04F79EFBC}") = "Meta.WitAi.Conduit.Editor", "Meta.WitAi.Conduit.Editor.csproj", "{D37A1664-1647-B92C-EB51-D578D3A32A41}"
EndProject
Project("{FAE04EC0-301F-11D3-BF4B-00C04F79EFBC}") = "Meta.WitAI.Lib.Editor", "Meta.WitAI.Lib.Editor.csproj", "{51CDA77D-30E9-591E-9F7B-3DD96989FD5E}"
EndProject
Project("{FAE04EC0-301F-11D3-BF4B-00C04F79EFBC}") = "Unity.TextMeshPro.Editor", "Unity.TextMeshPro.Editor.csproj", "{AB010756-D918-EA42-906F-0FD15891EDA7}"
EndProject
Project("{FAE04EC0-301F-11D3-BF4B-00C04F79EFBC}") = "Unity.XR.OpenXR", "Unity.XR.OpenXR.csproj", "{2338F618-700C-2C72-2803-71AB7D8EB68D}"
EndProject
Project("{FAE04EC0-301F-11D3-BF4B-00C04F79EFBC}") = "Unity.VisualScripting.Flow.Editor", "Unity.VisualScripting.Flow.Editor.csproj", "{DE63C7FA-80B8-DB7F-E94C-BA0E451813F2}"
EndProject
Project("{FAE04EC0-301F-11D3-BF4B-00C04F79EFBC}") = "UnityEngine.TestRunner", "UnityEngine.TestRunner.csproj", "{01B1BFF9-F8EB-01DA-B770-0788E04F46BD}"
EndProject
Project("{FAE04EC0-301F-11D3-BF4B-00C04F79EFBC}") = "Unity.VisualScripting.Core", "Unity.VisualScripting.Core.csproj", "{F718E335-6AAA-C941-FFD7-657246BEB012}"
EndProject
Project("{FAE04EC0-301F-11D3-BF4B-00C04F79EFBC}") = "Oculus.VR", "Oculus.VR.csproj", "{5F952402-0FAE-5C57-AE5C-69C2E4459BCA}"
EndProject
Project("{FAE04EC0-301F-11D3-BF4B-00C04F79EFBC}") = "VoiceSDK.Editor", "VoiceSDK.Editor.csproj", "{EDAE8845-3DCC-C712-6E88-098FF88566AA}"
EndProject
Project("{FAE04EC0-301F-11D3-BF4B-00C04F79EFBC}") = "Oculus.Interaction.OVR", "Oculus.Interaction.OVR.csproj", "{12148E6A-0CC5-E799-E38E-DAE073BBBF70}"
EndProject
Project("{FAE04EC0-301F-11D3-BF4B-00C04F79EFBC}") = "Oculus.VR.Editor", "Oculus.VR.Editor.csproj", "{619A6AC7-8E96-558B-820F-364CB4A43FA3}"
EndProject
Project("{FAE04EC0-301F-11D3-BF4B-00C04F79EFBC}") = "Meta.XR.Guides.Editor", "Meta.XR.Guides.Editor.csproj", "{FC5944ED-2DC1-BB75-D0B0-A92CE5C261A1}"
EndProject
Project("{FAE04EC0-301F-11D3-BF4B-00C04F79EFBC}") = "Oculus.VR.Scripts.Editor", "Oculus.VR.Scripts.Editor.csproj", "{6A1A818E-2075-7503-AC3E-AC553B965D20}"
EndProject
Project("{FAE04EC0-301F-11D3-BF4B-00C04F79EFBC}") = "Unity.AI.Navigation.Editor", "Unity.AI.Navigation.Editor.csproj", "{2CC0F6F4-C6D6-0A3E-1A6F-736E4EE6E32D}"
EndProject
Project("{FAE04EC0-301F-11D3-BF4B-00C04F79EFBC}") = "Unity.VisualStudio.Editor", "Unity.VisualStudio.Editor.csproj", "{A5250F35-1318-2544-DD4C-5C2FC4147C97}"
EndProject
Project("{FAE04EC0-301F-11D3-BF4B-00C04F79EFBC}") = "meta.xr.mrutilitykit.editor", "meta.xr.mrutilitykit.editor.csproj", "{FDDF8B7C-41FE-A39A-6617-F0066EA802E7}"
EndProject
Project("{FAE04EC0-301F-11D3-BF4B-00C04F79EFBC}") = "Meta.Wit.Composer", "Meta.Wit.Composer.csproj", "{586AA030-3A61-948A-9BF6-DEA7DE4BB8AC}"
EndProject
Project("{FAE04EC0-301F-11D3-BF4B-00C04F79EFBC}") = "Meta.XR.ImmersiveDebugger", "Meta.XR.ImmersiveDebugger.csproj", "{5E558851-FDA6-9F7E-A212-AD070AEF04E5}"
EndProject
Project("{FAE04EC0-301F-11D3-BF4B-00C04F79EFBC}") = "Meta.WitAi.Editor", "Meta.WitAi.Editor.csproj", "{55A5E845-175E-E641-CCA2-3D6F7C379819}"
EndProject
Project("{FAE04EC0-301F-11D3-BF4B-00C04F79EFBC}") = "Meta.Wit.Composer.Editor", "Meta.Wit.Composer.Editor.csproj", "{85050600-7E82-57E0-83A3-9541F1C96483}"
EndProject
Project("{FAE04EC0-301F-11D3-BF4B-00C04F79EFBC}") = "Unity.TestTools.CodeCoverage.Editor.OpenCover.Model", "Unity.TestTools.CodeCoverage.Editor.OpenCover.Model.csproj", "{82AD70A2-8CFB-21C5-E084-5E716F4181A8}"
EndProject
Project("{FAE04EC0-301F-11D3-BF4B-00C04F79EFBC}") = "VoiceSDK.Telemetry", "VoiceSDK.Telemetry.csproj", "{DCE4F8D3-96F7-3EEF-9E78-1A5D56FEB7B7}"
EndProject
Project("{FAE04EC0-301F-11D3-BF4B-00C04F79EFBC}") = "Unity.Rider.Editor", "Unity.Rider.Editor.csproj", "{9B168589-3356-01B5-B9F7-335C1615CD9E}"
EndProject
Project("{FAE04EC0-301F-11D3-BF4B-00C04F79EFBC}") = "Oculus.Interaction.Samples", "Oculus.Interaction.Samples.csproj", "{35815A81-24E1-D887-788A-8562A15E7977}"
EndProject
Project("{FAE04EC0-301F-11D3-BF4B-00C04F79EFBC}") = "meta.xr.mrutilitykit", "meta.xr.mrutilitykit.csproj", "{5FF6E03C-C718-AD2B-0FF9-687651DEDE8F}"
EndProject
Project("{FAE04EC0-301F-11D3-BF4B-00C04F79EFBC}") = "Oculus.Interaction.OVR.Editor", "Oculus.Interaction.OVR.Editor.csproj", "{C9DC7B3C-B276-C6CD-5E59-836B69C1E89D}"
EndProject
Project("{FAE04EC0-301F-11D3-BF4B-00C04F79EFBC}") = "Meta.WitAi.TTS", "Meta.WitAi.TTS.csproj", "{4C92CAD7-FCF7-AC3B-3297-89ACCEA0CF2C}"
EndProject
Project("{FAE04EC0-301F-11D3-BF4B-00C04F79EFBC}") = "Meta.XR.Audio.Editor", "Meta.XR.Audio.Editor.csproj", "{1F262A2A-81DC-EFC2-E167-3021B3891362}"
EndProject
Project("{FAE04EC0-301F-11D3-BF4B-00C04F79EFBC}") = "Unity.CollabProxy.Editor", "Unity.CollabProxy.Editor.csproj", "{167C60AB-AB6D-7EED-BEB2-EFA64D7C53B6}"
EndProject
Project("{FAE04EC0-301F-11D3-BF4B-00C04F79EFBC}") = "Unity.AI.Navigation.Editor.ConversionSystem", "Unity.AI.Navigation.Editor.ConversionSystem.csproj", "{065C90A2-D456-4F70-D470-B042FA89EEEC}"
EndProject
Project("{FAE04EC0-301F-11D3-BF4B-00C04F79EFBC}") = "Unity.XR.OpenXR.Editor", "Unity.XR.OpenXR.Editor.csproj", "{DC7E125F-9AC6-1055-64DC-5B7A618D7888}"
EndProject
Project("{FAE04EC0-301F-11D3-BF4B-00C04F79EFBC}") = "Unity.VisualScripting.State.Editor", "Unity.VisualScripting.State.Editor.csproj", "{B8C7ABE1-DFF3-7E78-6DA7-9DF123FE4EC8}"
EndProject
Project("{FAE04EC0-301F-11D3-BF4B-00C04F79EFBC}") = "Meta.XR.ImmersiveDebugger.Editor", "Meta.XR.ImmersiveDebugger.Editor.csproj", "{01245057-8D32-51F8-C913-3E7CB1B1563E}"
EndProject
Project("{FAE04EC0-301F-11D3-BF4B-00C04F79EFBC}") = "UnityEngine.UI", "UnityEngine.UI.csproj", "{03AC2CA7-AF01-FE34-84B6-7CE92CF47147}"
EndProject
Project("{FAE04EC0-301F-11D3-BF4B-00C04F79EFBC}") = "Unity.TestTools.CodeCoverage.Editor", "Unity.TestTools.CodeCoverage.Editor.csproj", "{90624677-5896-CEF1-34BC-AD6770A4F265}"
EndProject
Project("{FAE04EC0-301F-11D3-BF4B-00C04F79EFBC}") = "Meta.XR.Editor.StatusMenu", "Meta.XR.Editor.StatusMenu.csproj", "{48667432-97AF-0C0C-DA30-CE0B5FB2EC33}"
EndProject
Project("{FAE04EC0-301F-11D3-BF4B-00C04F79EFBC}") = "Unity.AI.Navigation", "Unity.AI.Navigation.csproj", "{F20BA68D-049C-89F1-F992-DFB92C503F68}"
EndProject
Project("{FAE04EC0-301F-11D3-BF4B-00C04F79EFBC}") = "Unity.VisualScripting.State", "Unity.VisualScripting.State.csproj", "{D9EBFB72-5975-0825-D3CD-8D7E30A025A5}"
EndProject
Project("{FAE04EC0-301F-11D3-BF4B-00C04F79EFBC}") = "Assembly-CSharp", "Assembly-CSharp.csproj", "{32C3BDE6-E125-3128-82C1-25D0441455A3}"
EndProject
Project("{FAE04EC0-301F-11D3-BF4B-00C04F79EFBC}") = "Unity.TextMeshPro", "Unity.TextMeshPro.csproj", "{3375ABF2-BCB5-BC3F-D583-0FE77C66C37C}"
EndProject
Project("{FAE04EC0-301F-11D3-BF4B-00C04F79EFBC}") = "Unity.XR.Management.Editor", "Unity.XR.Management.Editor.csproj", "{20AFDAD9-6930-1516-B608-4469FD23C66C}"
EndProject
Project("{FAE04EC0-301F-11D3-BF4B-00C04F79EFBC}") = "Unity.Performance.Profile-Analyzer.Editor", "Unity.Performance.Profile-Analyzer.Editor.csproj", "{3B501CEF-067F-B97A-D5BE-2256A865ABE2}"
EndProject
Project("{FAE04EC0-301F-11D3-BF4B-00C04F79EFBC}") = "Meta.WitAi.Conduit", "Meta.WitAi.Conduit.csproj", "{3FA15CEE-7665-E32C-0E83-912339B6AB7B}"
EndProject
Project("{FAE04EC0-301F-11D3-BF4B-00C04F79EFBC}") = "Meta.XR.Audio", "Meta.XR.Audio.csproj", "{DC307A19-E780-578D-C071-E719F3D69E09}"
EndProject
Project("{FAE04EC0-301F-11D3-BF4B-00C04F79EFBC}") = "VoiceSDK.Runtime", "VoiceSDK.Runtime.csproj", "{BFCB1A71-A1B1-F655-2E3A-49328AF55F29}"
EndProject
Project("{FAE04EC0-301F-11D3-BF4B-00C04F79EFBC}") = "VoiceSDK.Telemetry.Runtime", "VoiceSDK.Telemetry.Runtime.csproj", "{34A60795-9867-1D70-8CE5-742C12899BDC}"
EndProject
Project("{FAE04EC0-301F-11D3-BF4B-00C04F79EFBC}") = "AssistantCoreSDKRuntime", "AssistantCoreSDKRuntime.csproj", "{D6A23B7B-D5BA-8A51-4DEA-DD149A5BA3C0}"
EndProject
Project("{FAE04EC0-301F-11D3-BF4B-00C04F79EFBC}") = "Unity.VisualScripting.SettingsProvider.Editor", "Unity.VisualScripting.SettingsProvider.Editor.csproj", "{A5EC846E-BD95-6712-4F58-3A4ED63FFC9E}"
EndProject
Project("{FAE04EC0-301F-11D3-BF4B-00C04F79EFBC}") = "Unity.VSCode.Editor", "Unity.VSCode.Editor.csproj", "{86D4755F-5CEC-9BB4-CFF1-41DB8CAD4A63}"
EndProject
Project("{FAE04EC0-301F-11D3-BF4B-00C04F79EFBC}") = "AssistantVoiceCommandCommon", "AssistantVoiceCommandCommon.csproj", "{668AB10E-A0F0-F638-0DC8-E7CDFC03D130}"
EndProject
Project("{FAE04EC0-301F-11D3-BF4B-00C04F79EFBC}") = "Meta.XR.Editor.Tags", "Meta.XR.Editor.Tags.csproj", "{7023E02F-9624-554E-8602-9C158CCA0055}"
EndProject
Project("{FAE04EC0-301F-11D3-BF4B-00C04F79EFBC}") = "Unity.TestTools.CodeCoverage.Editor.OpenCover.Mono.Reflection", "Unity.TestTools.CodeCoverage.Editor.OpenCover.Mono.Reflection.csproj", "{DCEA061E-3CE2-DC5E-A344-D1924CB80B9B}"
EndProject
Project("{FAE04EC0-301F-11D3-BF4B-00C04F79EFBC}") = "Meta.XR.Editor.TelemetryUI", "Meta.XR.Editor.TelemetryUI.csproj", "{B02BE2D1-E691-87FA-796F-DEDBEA8B284B}"
EndProject
Project("{FAE04EC0-301F-11D3-BF4B-00C04F79EFBC}") = "Meta.XR.MultiplayerBlocks.Fusion.Editor", "Meta.XR.MultiplayerBlocks.Fusion.Editor.csproj", "{7C7D3687-5FE4-5E63-70E1-971D2069C250}"
EndProject
Project("{FAE04EC0-301F-11D3-BF4B-00C04F79EFBC}") = "Unity.AI.Navigation.Updater", "Unity.AI.Navigation.Updater.csproj", "{E5C22661-6945-3BD8-1617-666B8D54B536}"
EndProject
Project("{FAE04EC0-301F-11D3-BF4B-00C04F79EFBC}") = "Meta.XR.Editor.ToolingSupport", "Meta.XR.Editor.ToolingSupport.csproj", "{8E403A2D-AC8A-B611-C064-2F1743309B56}"
EndProject
Project("{FAE04EC0-301F-11D3-BF4B-00C04F79EFBC}") = "Oculus.Interaction.OVR.Samples", "Oculus.Interaction.OVR.Samples.csproj", "{B78B5FAE-383A-2CBC-EA83-9539FB50A330}"
EndProject
Project("{FAE04EC0-301F-11D3-BF4B-00C04F79EFBC}") = "VoiceSDK.Dictation.Runtime", "VoiceSDK.Dictation.Runtime.csproj", "{43AB9CDC-BA6D-D7E6-471D-993377B8649E}"
EndProject
Project("{FAE04EC0-301F-11D3-BF4B-00C04F79EFBC}") = "Meta.XR.Editor.PlayCompanion", "Meta.XR.Editor.PlayCompanion.csproj", "{B18D55CC-2AF3-020B-0D9E-8F7FC831572B}"
EndProject
Project("{FAE04EC0-301F-11D3-BF4B-00C04F79EFBC}") = "Meta.XR.Editor.Reflection", "Meta.XR.Editor.Reflection.csproj", "{C00E9E01-F7FC-1600-919B-92395D6A4FD6}"
EndProject
Project("{FAE04EC0-301F-11D3-BF4B-00C04F79EFBC}") = "Meta.XR.Editor.Id", "Meta.XR.Editor.Id.csproj", "{0C42541F-7462-D117-4B72-A5F910432D9F}"
EndProject
Project("{FAE04EC0-301F-11D3-BF4B-00C04F79EFBC}") = "Unity.Settings.Editor", "Unity.Settings.Editor.csproj", "{7D619AD0-2EC3-17D6-7A49-94EB6392D914}"
EndProject
Project("{FAE04EC0-301F-11D3-BF4B-00C04F79EFBC}") = "Meta.XR.Editor.UserInterface", "Meta.XR.Editor.UserInterface.csproj", "{61F50089-323C-098C-CBAE-3AA2888E3FE9}"
EndProject
Project("{FAE04EC0-301F-11D3-BF4B-00C04F79EFBC}") = "Meta.XR.BuildingBlocks.DepthAPI.Editor", "Meta.XR.BuildingBlocks.DepthAPI.Editor.csproj", "{E7398E0F-0FAD-60BB-855C-8B9643DFBD85}"
EndProject
Project("{FAE04EC0-301F-11D3-BF4B-00C04F79EFBC}") = "MetaXrSimulator.Editor", "MetaXrSimulator.Editor.csproj", "{30A150A5-E0CC-4186-D355-F763AE71B763}"
EndProject
Project("{FAE04EC0-301F-11D3-BF4B-00C04F79EFBC}") = "Meta.VoiceSDK.Mic.Common", "Meta.VoiceSDK.Mic.Common.csproj", "{771E489D-BE4D-B2E3-E36E-E6067EF3DDB8}"
EndProject
Project("{FAE04EC0-301F-11D3-BF4B-00C04F79EFBC}") = "Meta.Wit.Dictation", "Meta.Wit.Dictation.csproj", "{DB4682A0-BC3C-8A06-1CE7-DCA4EC203DD6}"
EndProject
Project("{FAE04EC0-301F-11D3-BF4B-00C04F79EFBC}") = "UnityEngine.SpatialTracking", "UnityEngine.SpatialTracking.csproj", "{FF091E7C-723E-355B-F53D-AB127317578B}"
EndProject
Project("{FAE04EC0-301F-11D3-BF4B-00C04F79EFBC}") = "Meta.XR.Editor.Notifications", "Meta.XR.Editor.Notifications.csproj", "{458A26B6-2CAE-BBEE-5D50-9D4DF95694FF}"
EndProject
Project("{FAE04EC0-301F-11D3-BF4B-00C04F79EFBC}") = "Meta.XR.MultiplayerBlocks.Shared.Editor", "Meta.XR.MultiplayerBlocks.Shared.Editor.csproj", "{32973667-C863-8AC6-7007-6F21A340FE42}"
EndProject
Project("{FAE04EC0-301F-11D3-BF4B-00C04F79EFBC}") = "Unity.InputSystem.ForUI", "Unity.InputSystem.ForUI.csproj", "{B9B35DE5-7FDE-809C-333A-C4725FB33FBA}"
EndProject
Project("{FAE04EC0-301F-11D3-BF4B-00C04F79EFBC}") = "Unity.Mathematics.Editor", "Unity.Mathematics.Editor.csproj", "{546FCC2C-381C-6D8B-E6B6-4B7DAD5BBD36}"
EndProject
Project("{FAE04EC0-301F-11D3-BF4B-00C04F79EFBC}") = "VoiceSDK.Dictation.Editor", "VoiceSDK.Dictation.Editor.csproj", "{25061A6A-FD25-AB08-B28E-730DF242B4F2}"
EndProject
Project("{FAE04EC0-301F-11D3-BF4B-00C04F79EFBC}") = "Meta.Voice.Hub.Editor", "Meta.Voice.Hub.Editor.csproj", "{791691AE-C30E-18BD-1AAF-61BC0E153B32}"
EndProject
Project("{FAE04EC0-301F-11D3-BF4B-00C04F79EFBC}") = "Oculus.Interaction.Editor.UnityXR", "Oculus.Interaction.Editor.UnityXR.csproj", "{9D35EA71-E571-6854-7CA3-B09CC295EF96}"
EndProject
Project("{FAE04EC0-301F-11D3-BF4B-00C04F79EFBC}") = "Meta.XR.MultiplayerBlocks.NGO.Editor", "Meta.XR.MultiplayerBlocks.NGO.Editor.csproj", "{2DCC1A2F-8868-380B-3A87-1476460F75BA}"
EndProject
Project("{FAE04EC0-301F-11D3-BF4B-00C04F79EFBC}") = "Meta.XR.EnvironmentDepth", "Meta.XR.EnvironmentDepth.csproj", "{0231BDEE-AA2C-B488-85F6-8FD6A33AC141}"
EndProject
Project("{FAE04EC0-301F-11D3-BF4B-00C04F79EFBC}") = "NewAssembly", "NewAssembly.csproj", "{11687160-DD16-2B79-0BE7-565BF787E78F}"
EndProject
Project("{FAE04EC0-301F-11D3-BF4B-00C04F79EFBC}") = "Oculus.Haptics", "Oculus.Haptics.csproj", "{5655BD0C-7B09-66F0-2EA9-4567DF8B4FDE}"
EndProject
Project("{FAE04EC0-301F-11D3-BF4B-00C04F79EFBC}") = "Meta.XR.Editor.Callbacks", "Meta.XR.Editor.Callbacks.csproj", "{C7899E62-3072-7177-36B3-B182CD6D1CBA}"
EndProject
Project("{FAE04EC0-301F-11D3-BF4B-00C04F79EFBC}") = "Meta.VoiceSDK.Mic.WebGL", "Meta.VoiceSDK.Mic.WebGL.csproj", "{1E14576A-1A3B-7658-C29A-8C824D618862}"
EndProject
Project("{FAE04EC0-301F-11D3-BF4B-00C04F79EFBC}") = "Meta.XR.Editor.Settings", "Meta.XR.Editor.Settings.csproj", "{2DAE499B-08E3-BB49-4E9D-91F1C405EAAF}"
EndProject
Project("{FAE04EC0-301F-11D3-BF4B-00C04F79EFBC}") = "Oculus.Haptics.Editor", "Oculus.Haptics.Editor.csproj", "{090825C0-D29E-2CD2-A54B-126B6FD47508}"
EndProject
Project("{FAE04EC0-301F-11D3-BF4B-00C04F79EFBC}") = "Meta.XR.Editor.Guide.About", "Meta.XR.Editor.Guide.About.csproj", "{8654271A-3D59-4E7B-BD40-E3ABE5D04DB1}"
EndProject
Project("{FAE04EC0-301F-11D3-BF4B-00C04F79EFBC}") = "Unity.XR.OpenXR.Features.MetaQuestSupport.Editor", "Unity.XR.OpenXR.Features.MetaQuestSupport.Editor.csproj", "{C1FFDF86-3FC5-7DA7-3C82-613504B7724E}"
EndProject
Project("{FAE04EC0-301F-11D3-BF4B-00C04F79EFBC}") = "AssistantCoreSDKEditor", "AssistantCoreSDKEditor.csproj", "{AA2A3F54-9C09-2897-EC05-1FA2CEFA6656}"
EndProject
Project("{FAE04EC0-301F-11D3-BF4B-00C04F79EFBC}") = "Meta.Net.endel.nativewebsocket", "Meta.Net.endel.nativewebsocket.csproj", "{7499C2DC-E57E-D291-4834-E2BBBE24EF26}"
EndProject
Project("{FAE04EC0-301F-11D3-BF4B-00C04F79EFBC}") = "Unity.XR.Interaction.Toolkit.Samples.StarterAssets.Editor", "Unity.XR.Interaction.Toolkit.Samples.StarterAssets.Editor.csproj", "{5F4F565A-04D6-1FB5-118E-621500A6DCB0}"
EndProject
Project("{FAE04EC0-301F-11D3-BF4B-00C04F79EFBC}") = "Unity.InputSystem.TestFramework", "Unity.InputSystem.TestFramework.csproj", "{2514A1AC-07D9-AD4C-DF6E-01ACC6FEE6C9}"
EndProject
Project("{FAE04EC0-301F-11D3-BF4B-00C04F79EFBC}") = "VoiceSDK.Editor.Composer", "VoiceSDK.Editor.Composer.csproj", "{258D98E4-4D8E-3D43-F88D-ADB38CDC96C1}"
EndProject
Project("{FAE04EC0-301F-11D3-BF4B-00C04F79EFBC}") = "Unity.XR.OpenXR.Features.RuntimeDebugger.Editor", "Unity.XR.OpenXR.Features.RuntimeDebugger.Editor.csproj", "{3C4FE956-7E2F-9531-2EE7-2329C0B7745E}"
EndProject
Project("{FAE04EC0-301F-11D3-BF4B-00C04F79EFBC}") = "UnityEditor.XR.LegacyInputHelpers", "UnityEditor.XR.LegacyInputHelpers.csproj", "{A3249519-276F-9A90-563D-3AF95E44BFE0}"
EndProject
Project("{FAE04EC0-301F-11D3-BF4B-00C04F79EFBC}") = "Meta.XR.BuildingBlocks.DepthAPI", "Meta.XR.BuildingBlocks.DepthAPI.csproj", "{E115E739-86D4-C824-2004-FA113291F784}"
EndProject
Project("{FAE04EC0-301F-11D3-BF4B-00C04F79EFBC}") = "Unity.VisualScripting.Shared.Editor", "Unity.VisualScripting.Shared.Editor.csproj", "{2CD0C4DC-9691-6470-4892-0F053FCEE9A0}"
EndProject
Project("{FAE04EC0-301F-11D3-BF4B-00C04F79EFBC}") = "Meta.Voice.Opus", "Meta.Voice.Opus.csproj", "{BA0ED5ED-0C7A-BBE9-00B1-1F84C83BA412}"
EndProject
Project("{FAE04EC0-301F-11D3-BF4B-00C04F79EFBC}") = "Meta.WitAi.TTS.Editor", "Meta.WitAi.TTS.Editor.csproj", "{88479939-1F08-51FB-3A2B-39C703C21653}"
EndProject
Project("{FAE04EC0-301F-11D3-BF4B-00C04F79EFBC}") = "Unity.XR.OpenXR.Features.OculusQuestSupport.Editor", "Unity.XR.OpenXR.Features.OculusQuestSupport.Editor.csproj", "{8CC56DFD-016B-7307-E0E0-CB66A172E57B}"
EndProject
Project("{FAE04EC0-301F-11D3-BF4B-00C04F79EFBC}") = "Meta.XR.EnvironmentDepth.Editor", "Meta.XR.EnvironmentDepth.Editor.csproj", "{3AB4E3CD-BC7A-91AD-77ED-30627C6B8423}"
EndProject
Project("{FAE04EC0-301F-11D3-BF4B-00C04F79EFBC}") = "Unity.EditorCoroutines.Editor", "Unity.EditorCoroutines.Editor.csproj", "{1C9AF978-C62A-1EAE-5ADE-70846941A314}"
EndProject
Project("{FAE04EC0-301F-11D3-BF4B-00C04F79EFBC}") = "Unity.XR.OpenXR.Features.ConformanceAutomation", "Unity.XR.OpenXR.Features.ConformanceAutomation.csproj", "{A0B7D39A-E50E-DC3F-921D-FFF85EAB5299}"
EndProject
Project("{FAE04EC0-301F-11D3-BF4B-00C04F79EFBC}") = "UnityEngine.XR.LegacyInputHelpers", "UnityEngine.XR.LegacyInputHelpers.csproj", "{CBB07E67-20DE-E328-9904-9BDC602EE057}"
EndProject
Project("{FAE04EC0-301F-11D3-BF4B-00C04F79EFBC}") = "Meta.VoiceSDK.Mic.Other", "Meta.VoiceSDK.Mic.Other.csproj", "{272105A0-D666-07E1-AE84-4B0C8EB3A81E}"
EndProject
Project("{FAE04EC0-301F-11D3-BF4B-00C04F79EFBC}") = "Unity.XR.OpenXR.Features.OculusQuestSupport", "Unity.XR.OpenXR.Features.OculusQuestSupport.csproj", "{B8B43AE7-E22D-DE52-1538-D4DF73A6C469}"
EndProject
Project("{FAE04EC0-301F-11D3-BF4B-00C04F79EFBC}") = "Meta.Voice.Hub.Runtime", "Meta.Voice.Hub.Runtime.csproj", "{C9ABED07-864C-765F-4149-CF3C8BE29EAE}"
EndProject
Project("{FAE04EC0-301F-11D3-BF4B-00C04F79EFBC}") = "Oculus.Interaction.InterfaceSupport", "Oculus.Interaction.InterfaceSupport.csproj", "{4B37C812-2C87-F3E7-BBA1-BFFCD700FAA2}"
EndProject
Project("{FAE04EC0-301F-11D3-BF4B-00C04F79EFBC}") = "Meta.XR.ImmersiveDebugger.Interface", "Meta.XR.ImmersiveDebugger.Interface.csproj", "{7C4ADDF8-ADF5-CA1E-955D-F635E5DB557E}"
EndProject
Project("{FAE04EC0-301F-11D3-BF4B-00C04F79EFBC}") = "Unity.XR.OpenXR.Features.MockRuntime", "Unity.XR.OpenXR.Features.MockRuntime.csproj", "{14877A35-3680-F501-4D07-6FE6F4AAB021}"
EndProject
Project("{FAE04EC0-301F-11D3-BF4B-00C04F79EFBC}") = "Oculus.Interaction.Samples.Editor", "Oculus.Interaction.Samples.Editor.csproj", "{B7C1582D-F982-C6A8-FB50-B82B63552D98}"
EndProject
Project("{FAE04EC0-301F-11D3-BF4B-00C04F79EFBC}") = "UnityEditor.SpatialTracking", "UnityEditor.SpatialTracking.csproj", "{E7C9881A-59CA-5B83-5888-6B85D7EC069D}"
EndProject
Project("{FAE04EC0-301F-11D3-BF4B-00C04F79EFBC}") = "Unity.XR.OpenXR.Features.RuntimeDebugger", "Unity.XR.OpenXR.Features.RuntimeDebugger.csproj", "{A7F0D348-FCAD-0A27-6007-472A0B3639EF}"
EndProject
Project("{FAE04EC0-301F-11D3-BF4B-00C04F79EFBC}") = "AssistantVoiceCommandCommon.Editor", "AssistantVoiceCommandCommon.Editor.csproj", "{4F1D72DD-4F88-9664-F776-02CF53796243}"
EndProject
Project("{FAE04EC0-301F-11D3-BF4B-00C04F79EFBC}") = "Unity.XR.OpenXR.Features.MetaQuestSupport", "Unity.XR.OpenXR.Features.MetaQuestSupport.csproj", "{5DED3398-E6DF-F7FB-8438-9A98CC76314E}"
EndProject
Project("{FAE04EC0-301F-11D3-BF4B-00C04F79EFBC}") = "Meta.Wit.Dictation.Editor", "Meta.Wit.Dictation.Editor.csproj", "{3DA33F70-C8DB-C51C-D429-D64F800C44CC}"
EndProject
Project("{FAE04EC0-301F-11D3-BF4B-00C04F79EFBC}") = "VoiceSDK.Runtime.Composer", "VoiceSDK.Runtime.Composer.csproj", "{A963BFE4-5969-3625-0EFD-21E3500FEF35}"
EndProject
Global
	GlobalSection(SolutionConfigurationPlatforms) = preSolution
		Debug|Any CPU = Debug|Any CPU
		Release|Any CPU = Release|Any CPU
	EndGlobalSection
	GlobalSection(ProjectConfigurationPlatforms) = postSolution
		{B98FC7D3-C0DC-494F-7C75-0C7A5AB250DC}.Debug|Any CPU.ActiveCfg = Debug|Any CPU
		{B98FC7D3-C0DC-494F-7C75-0C7A5AB250DC}.Debug|Any CPU.Build.0 = Debug|Any CPU
		{B98FC7D3-C0DC-494F-7C75-0C7A5AB250DC}.Release|Any CPU.ActiveCfg = Release|Any CPU
		{B98FC7D3-C0DC-494F-7C75-0C7A5AB250DC}.Release|Any CPU.Build.0 = Release|Any CPU
		{AA71CFAB-420E-E867-0666-4F0F82B56279}.Debug|Any CPU.ActiveCfg = Debug|Any CPU
		{AA71CFAB-420E-E867-0666-4F0F82B56279}.Debug|Any CPU.Build.0 = Debug|Any CPU
		{AA71CFAB-420E-E867-0666-4F0F82B56279}.Release|Any CPU.ActiveCfg = Release|Any CPU
		{AA71CFAB-420E-E867-0666-4F0F82B56279}.Release|Any CPU.Build.0 = Release|Any CPU
		{A6503458-BC1A-FC3E-DE9F-320CB2945529}.Debug|Any CPU.ActiveCfg = Debug|Any CPU
		{A6503458-BC1A-FC3E-DE9F-320CB2945529}.Debug|Any CPU.Build.0 = Debug|Any CPU
		{A6503458-BC1A-FC3E-DE9F-320CB2945529}.Release|Any CPU.ActiveCfg = Release|Any CPU
		{A6503458-BC1A-FC3E-DE9F-320CB2945529}.Release|Any CPU.Build.0 = Release|Any CPU
		{46AD4547-8894-0697-F82E-DEF65AECEFBC}.Debug|Any CPU.ActiveCfg = Debug|Any CPU
		{46AD4547-8894-0697-F82E-DEF65AECEFBC}.Debug|Any CPU.Build.0 = Debug|Any CPU
		{46AD4547-8894-0697-F82E-DEF65AECEFBC}.Release|Any CPU.ActiveCfg = Release|Any CPU
		{46AD4547-8894-0697-F82E-DEF65AECEFBC}.Release|Any CPU.Build.0 = Release|Any CPU
		{28B68512-A070-137F-8794-392854213A70}.Debug|Any CPU.ActiveCfg = Debug|Any CPU
		{28B68512-A070-137F-8794-392854213A70}.Debug|Any CPU.Build.0 = Debug|Any CPU
		{28B68512-A070-137F-8794-392854213A70}.Release|Any CPU.ActiveCfg = Release|Any CPU
		{28B68512-A070-137F-8794-392854213A70}.Release|Any CPU.Build.0 = Release|Any CPU
		{D91B6A68-CC51-EEDF-EECD-A582294ED2E9}.Debug|Any CPU.ActiveCfg = Debug|Any CPU
		{D91B6A68-CC51-EEDF-EECD-A582294ED2E9}.Debug|Any CPU.Build.0 = Debug|Any CPU
		{D91B6A68-CC51-EEDF-EECD-A582294ED2E9}.Release|Any CPU.ActiveCfg = Release|Any CPU
		{D91B6A68-CC51-EEDF-EECD-A582294ED2E9}.Release|Any CPU.Build.0 = Release|Any CPU
		{67902707-2E49-4DAC-7E08-A40DC440FCD5}.Debug|Any CPU.ActiveCfg = Debug|Any CPU
		{67902707-2E49-4DAC-7E08-A40DC440FCD5}.Debug|Any CPU.Build.0 = Debug|Any CPU
		{67902707-2E49-4DAC-7E08-A40DC440FCD5}.Release|Any CPU.ActiveCfg = Release|Any CPU
		{67902707-2E49-4DAC-7E08-A40DC440FCD5}.Release|Any CPU.Build.0 = Release|Any CPU
		{399210E1-EFA6-B134-AB89-71E27613E94E}.Debug|Any CPU.ActiveCfg = Debug|Any CPU
		{399210E1-EFA6-B134-AB89-71E27613E94E}.Debug|Any CPU.Build.0 = Debug|Any CPU
		{399210E1-EFA6-B134-AB89-71E27613E94E}.Release|Any CPU.ActiveCfg = Release|Any CPU
		{399210E1-EFA6-B134-AB89-71E27613E94E}.Release|Any CPU.Build.0 = Release|Any CPU
		{6F92C7E4-5363-349C-D1DD-FB41ECFD0934}.Debug|Any CPU.ActiveCfg = Debug|Any CPU
		{6F92C7E4-5363-349C-D1DD-FB41ECFD0934}.Debug|Any CPU.Build.0 = Debug|Any CPU
		{6F92C7E4-5363-349C-D1DD-FB41ECFD0934}.Release|Any CPU.ActiveCfg = Release|Any CPU
		{6F92C7E4-5363-349C-D1DD-FB41ECFD0934}.Release|Any CPU.Build.0 = Release|Any CPU
		{011B871C-86AA-D2AA-88D1-1D526781229B}.Debug|Any CPU.ActiveCfg = Debug|Any CPU
		{011B871C-86AA-D2AA-88D1-1D526781229B}.Debug|Any CPU.Build.0 = Debug|Any CPU
		{011B871C-86AA-D2AA-88D1-1D526781229B}.Release|Any CPU.ActiveCfg = Release|Any CPU
		{011B871C-86AA-D2AA-88D1-1D526781229B}.Release|Any CPU.Build.0 = Release|Any CPU
		{0F886673-B056-0A7D-07E1-22A787F92403}.Debug|Any CPU.ActiveCfg = Debug|Any CPU
		{0F886673-B056-0A7D-07E1-22A787F92403}.Debug|Any CPU.Build.0 = Debug|Any CPU
		{0F886673-B056-0A7D-07E1-22A787F92403}.Release|Any CPU.ActiveCfg = Release|Any CPU
		{0F886673-B056-0A7D-07E1-22A787F92403}.Release|Any CPU.Build.0 = Release|Any CPU
		{067C016A-9BDF-7DCE-2E59-C851BCB7CD88}.Debug|Any CPU.ActiveCfg = Debug|Any CPU
		{067C016A-9BDF-7DCE-2E59-C851BCB7CD88}.Debug|Any CPU.Build.0 = Debug|Any CPU
		{067C016A-9BDF-7DCE-2E59-C851BCB7CD88}.Release|Any CPU.ActiveCfg = Release|Any CPU
		{067C016A-9BDF-7DCE-2E59-C851BCB7CD88}.Release|Any CPU.Build.0 = Release|Any CPU
		{89DDA7E0-C846-1892-1534-B35825F7B75E}.Debug|Any CPU.ActiveCfg = Debug|Any CPU
		{89DDA7E0-C846-1892-1534-B35825F7B75E}.Debug|Any CPU.Build.0 = Debug|Any CPU
		{89DDA7E0-C846-1892-1534-B35825F7B75E}.Release|Any CPU.ActiveCfg = Release|Any CPU
		{89DDA7E0-C846-1892-1534-B35825F7B75E}.Release|Any CPU.Build.0 = Release|Any CPU
		{2761BA9C-62DC-ABD6-DD90-7A3204DD1E18}.Debug|Any CPU.ActiveCfg = Debug|Any CPU
		{2761BA9C-62DC-ABD6-DD90-7A3204DD1E18}.Debug|Any CPU.Build.0 = Debug|Any CPU
		{2761BA9C-62DC-ABD6-DD90-7A3204DD1E18}.Release|Any CPU.ActiveCfg = Release|Any CPU
		{2761BA9C-62DC-ABD6-DD90-7A3204DD1E18}.Release|Any CPU.Build.0 = Release|Any CPU
		{0993B610-BBBA-ED0F-2B1D-E07B2C24DC56}.Debug|Any CPU.ActiveCfg = Debug|Any CPU
		{0993B610-BBBA-ED0F-2B1D-E07B2C24DC56}.Debug|Any CPU.Build.0 = Debug|Any CPU
		{0993B610-BBBA-ED0F-2B1D-E07B2C24DC56}.Release|Any CPU.ActiveCfg = Release|Any CPU
		{0993B610-BBBA-ED0F-2B1D-E07B2C24DC56}.Release|Any CPU.Build.0 = Release|Any CPU
		{E965D3A1-D697-4EFE-2F68-0F8FF8D4BC4B}.Debug|Any CPU.ActiveCfg = Debug|Any CPU
		{E965D3A1-D697-4EFE-2F68-0F8FF8D4BC4B}.Debug|Any CPU.Build.0 = Debug|Any CPU
		{E965D3A1-D697-4EFE-2F68-0F8FF8D4BC4B}.Release|Any CPU.ActiveCfg = Release|Any CPU
		{E965D3A1-D697-4EFE-2F68-0F8FF8D4BC4B}.Release|Any CPU.Build.0 = Release|Any CPU
		{9DC54C43-50D1-95EB-BB01-5C3160E083A4}.Debug|Any CPU.ActiveCfg = Debug|Any CPU
		{9DC54C43-50D1-95EB-BB01-5C3160E083A4}.Debug|Any CPU.Build.0 = Debug|Any CPU
		{9DC54C43-50D1-95EB-BB01-5C3160E083A4}.Release|Any CPU.ActiveCfg = Release|Any CPU
		{9DC54C43-50D1-95EB-BB01-5C3160E083A4}.Release|Any CPU.Build.0 = Release|Any CPU
		{011DC4E5-56EC-BE8F-8A66-8B7D2492CBBF}.Debug|Any CPU.ActiveCfg = Debug|Any CPU
		{011DC4E5-56EC-BE8F-8A66-8B7D2492CBBF}.Debug|Any CPU.Build.0 = Debug|Any CPU
		{011DC4E5-56EC-BE8F-8A66-8B7D2492CBBF}.Release|Any CPU.ActiveCfg = Release|Any CPU
		{011DC4E5-56EC-BE8F-8A66-8B7D2492CBBF}.Release|Any CPU.Build.0 = Release|Any CPU
		{F3E1D955-3AEC-9B08-AE6D-867DCA9DF752}.Debug|Any CPU.ActiveCfg = Debug|Any CPU
		{F3E1D955-3AEC-9B08-AE6D-867DCA9DF752}.Debug|Any CPU.Build.0 = Debug|Any CPU
		{F3E1D955-3AEC-9B08-AE6D-867DCA9DF752}.Release|Any CPU.ActiveCfg = Release|Any CPU
		{F3E1D955-3AEC-9B08-AE6D-867DCA9DF752}.Release|Any CPU.Build.0 = Release|Any CPU
		{65B5E4DC-B3F5-FA33-F51A-EF234F3864D1}.Debug|Any CPU.ActiveCfg = Debug|Any CPU
		{65B5E4DC-B3F5-FA33-F51A-EF234F3864D1}.Debug|Any CPU.Build.0 = Debug|Any CPU
		{65B5E4DC-B3F5-FA33-F51A-EF234F3864D1}.Release|Any CPU.ActiveCfg = Release|Any CPU
		{65B5E4DC-B3F5-FA33-F51A-EF234F3864D1}.Release|Any CPU.Build.0 = Release|Any CPU
		{5B8DCB86-2C5F-E8A8-144D-3B418FBF32B4}.Debug|Any CPU.ActiveCfg = Debug|Any CPU
		{5B8DCB86-2C5F-E8A8-144D-3B418FBF32B4}.Debug|Any CPU.Build.0 = Debug|Any CPU
		{5B8DCB86-2C5F-E8A8-144D-3B418FBF32B4}.Release|Any CPU.ActiveCfg = Release|Any CPU
		{5B8DCB86-2C5F-E8A8-144D-3B418FBF32B4}.Release|Any CPU.Build.0 = Release|Any CPU
		{A675791A-1F48-391C-8140-1140C4D746EA}.Debug|Any CPU.ActiveCfg = Debug|Any CPU
		{A675791A-1F48-391C-8140-1140C4D746EA}.Debug|Any CPU.Build.0 = Debug|Any CPU
		{A675791A-1F48-391C-8140-1140C4D746EA}.Release|Any CPU.ActiveCfg = Release|Any CPU
		{A675791A-1F48-391C-8140-1140C4D746EA}.Release|Any CPU.Build.0 = Release|Any CPU
		{CFFA2412-CEE9-25F5-3A2B-B0C3D2F7DC7F}.Debug|Any CPU.ActiveCfg = Debug|Any CPU
		{CFFA2412-CEE9-25F5-3A2B-B0C3D2F7DC7F}.Debug|Any CPU.Build.0 = Debug|Any CPU
		{CFFA2412-CEE9-25F5-3A2B-B0C3D2F7DC7F}.Release|Any CPU.ActiveCfg = Release|Any CPU
		{CFFA2412-CEE9-25F5-3A2B-B0C3D2F7DC7F}.Release|Any CPU.Build.0 = Release|Any CPU
		{991C67F5-B89A-EED2-1DE5-B31CC2594D66}.Debug|Any CPU.ActiveCfg = Debug|Any CPU
		{991C67F5-B89A-EED2-1DE5-B31CC2594D66}.Debug|Any CPU.Build.0 = Debug|Any CPU
		{991C67F5-B89A-EED2-1DE5-B31CC2594D66}.Release|Any CPU.ActiveCfg = Release|Any CPU
		{991C67F5-B89A-EED2-1DE5-B31CC2594D66}.Release|Any CPU.Build.0 = Release|Any CPU
		{A3047590-38BB-CCB1-C01D-C771027F8920}.Debug|Any CPU.ActiveCfg = Debug|Any CPU
		{A3047590-38BB-CCB1-C01D-C771027F8920}.Debug|Any CPU.Build.0 = Debug|Any CPU
		{A3047590-38BB-CCB1-C01D-C771027F8920}.Release|Any CPU.ActiveCfg = Release|Any CPU
		{A3047590-38BB-CCB1-C01D-C771027F8920}.Release|Any CPU.Build.0 = Release|Any CPU
		{10FEC6B8-82EB-97C9-5039-491A8971E26C}.Debug|Any CPU.ActiveCfg = Debug|Any CPU
		{10FEC6B8-82EB-97C9-5039-491A8971E26C}.Debug|Any CPU.Build.0 = Debug|Any CPU
		{10FEC6B8-82EB-97C9-5039-491A8971E26C}.Release|Any CPU.ActiveCfg = Release|Any CPU
		{10FEC6B8-82EB-97C9-5039-491A8971E26C}.Release|Any CPU.Build.0 = Release|Any CPU
		{6F5DCEA0-CD24-3850-1354-95B968FF52EC}.Debug|Any CPU.ActiveCfg = Debug|Any CPU
		{6F5DCEA0-CD24-3850-1354-95B968FF52EC}.Debug|Any CPU.Build.0 = Debug|Any CPU
		{6F5DCEA0-CD24-3850-1354-95B968FF52EC}.Release|Any CPU.ActiveCfg = Release|Any CPU
		{6F5DCEA0-CD24-3850-1354-95B968FF52EC}.Release|Any CPU.Build.0 = Release|Any CPU
		{D37A1664-1647-B92C-EB51-D578D3A32A41}.Debug|Any CPU.ActiveCfg = Debug|Any CPU
		{D37A1664-1647-B92C-EB51-D578D3A32A41}.Debug|Any CPU.Build.0 = Debug|Any CPU
		{D37A1664-1647-B92C-EB51-D578D3A32A41}.Release|Any CPU.ActiveCfg = Release|Any CPU
		{D37A1664-1647-B92C-EB51-D578D3A32A41}.Release|Any CPU.Build.0 = Release|Any CPU
		{51CDA77D-30E9-591E-9F7B-3DD96989FD5E}.Debug|Any CPU.ActiveCfg = Debug|Any CPU
		{51CDA77D-30E9-591E-9F7B-3DD96989FD5E}.Debug|Any CPU.Build.0 = Debug|Any CPU
		{51CDA77D-30E9-591E-9F7B-3DD96989FD5E}.Release|Any CPU.ActiveCfg = Release|Any CPU
		{51CDA77D-30E9-591E-9F7B-3DD96989FD5E}.Release|Any CPU.Build.0 = Release|Any CPU
		{AB010756-D918-EA42-906F-0FD15891EDA7}.Debug|Any CPU.ActiveCfg = Debug|Any CPU
		{AB010756-D918-EA42-906F-0FD15891EDA7}.Debug|Any CPU.Build.0 = Debug|Any CPU
		{AB010756-D918-EA42-906F-0FD15891EDA7}.Release|Any CPU.ActiveCfg = Release|Any CPU
		{AB010756-D918-EA42-906F-0FD15891EDA7}.Release|Any CPU.Build.0 = Release|Any CPU
		{2338F618-700C-2C72-2803-71AB7D8EB68D}.Debug|Any CPU.ActiveCfg = Debug|Any CPU
		{2338F618-700C-2C72-2803-71AB7D8EB68D}.Debug|Any CPU.Build.0 = Debug|Any CPU
		{2338F618-700C-2C72-2803-71AB7D8EB68D}.Release|Any CPU.ActiveCfg = Release|Any CPU
		{2338F618-700C-2C72-2803-71AB7D8EB68D}.Release|Any CPU.Build.0 = Release|Any CPU
		{DE63C7FA-80B8-DB7F-E94C-BA0E451813F2}.Debug|Any CPU.ActiveCfg = Debug|Any CPU
		{DE63C7FA-80B8-DB7F-E94C-BA0E451813F2}.Debug|Any CPU.Build.0 = Debug|Any CPU
		{DE63C7FA-80B8-DB7F-E94C-BA0E451813F2}.Release|Any CPU.ActiveCfg = Release|Any CPU
		{DE63C7FA-80B8-DB7F-E94C-BA0E451813F2}.Release|Any CPU.Build.0 = Release|Any CPU
		{01B1BFF9-F8EB-01DA-B770-0788E04F46BD}.Debug|Any CPU.ActiveCfg = Debug|Any CPU
		{01B1BFF9-F8EB-01DA-B770-0788E04F46BD}.Debug|Any CPU.Build.0 = Debug|Any CPU
		{01B1BFF9-F8EB-01DA-B770-0788E04F46BD}.Release|Any CPU.ActiveCfg = Release|Any CPU
		{01B1BFF9-F8EB-01DA-B770-0788E04F46BD}.Release|Any CPU.Build.0 = Release|Any CPU
		{F718E335-6AAA-C941-FFD7-657246BEB012}.Debug|Any CPU.ActiveCfg = Debug|Any CPU
		{F718E335-6AAA-C941-FFD7-657246BEB012}.Debug|Any CPU.Build.0 = Debug|Any CPU
		{F718E335-6AAA-C941-FFD7-657246BEB012}.Release|Any CPU.ActiveCfg = Release|Any CPU
		{F718E335-6AAA-C941-FFD7-657246BEB012}.Release|Any CPU.Build.0 = Release|Any CPU
		{5F952402-0FAE-5C57-AE5C-69C2E4459BCA}.Debug|Any CPU.ActiveCfg = Debug|Any CPU
		{5F952402-0FAE-5C57-AE5C-69C2E4459BCA}.Debug|Any CPU.Build.0 = Debug|Any CPU
		{5F952402-0FAE-5C57-AE5C-69C2E4459BCA}.Release|Any CPU.ActiveCfg = Release|Any CPU
		{5F952402-0FAE-5C57-AE5C-69C2E4459BCA}.Release|Any CPU.Build.0 = Release|Any CPU
		{EDAE8845-3DCC-C712-6E88-098FF88566AA}.Debug|Any CPU.ActiveCfg = Debug|Any CPU
		{EDAE8845-3DCC-C712-6E88-098FF88566AA}.Debug|Any CPU.Build.0 = Debug|Any CPU
		{EDAE8845-3DCC-C712-6E88-098FF88566AA}.Release|Any CPU.ActiveCfg = Release|Any CPU
		{EDAE8845-3DCC-C712-6E88-098FF88566AA}.Release|Any CPU.Build.0 = Release|Any CPU
		{12148E6A-0CC5-E799-E38E-DAE073BBBF70}.Debug|Any CPU.ActiveCfg = Debug|Any CPU
		{12148E6A-0CC5-E799-E38E-DAE073BBBF70}.Debug|Any CPU.Build.0 = Debug|Any CPU
		{12148E6A-0CC5-E799-E38E-DAE073BBBF70}.Release|Any CPU.ActiveCfg = Release|Any CPU
		{12148E6A-0CC5-E799-E38E-DAE073BBBF70}.Release|Any CPU.Build.0 = Release|Any CPU
		{619A6AC7-8E96-558B-820F-364CB4A43FA3}.Debug|Any CPU.ActiveCfg = Debug|Any CPU
		{619A6AC7-8E96-558B-820F-364CB4A43FA3}.Debug|Any CPU.Build.0 = Debug|Any CPU
		{619A6AC7-8E96-558B-820F-364CB4A43FA3}.Release|Any CPU.ActiveCfg = Release|Any CPU
		{619A6AC7-8E96-558B-820F-364CB4A43FA3}.Release|Any CPU.Build.0 = Release|Any CPU
		{FC5944ED-2DC1-BB75-D0B0-A92CE5C261A1}.Debug|Any CPU.ActiveCfg = Debug|Any CPU
		{FC5944ED-2DC1-BB75-D0B0-A92CE5C261A1}.Debug|Any CPU.Build.0 = Debug|Any CPU
		{FC5944ED-2DC1-BB75-D0B0-A92CE5C261A1}.Release|Any CPU.ActiveCfg = Release|Any CPU
		{FC5944ED-2DC1-BB75-D0B0-A92CE5C261A1}.Release|Any CPU.Build.0 = Release|Any CPU
		{6A1A818E-2075-7503-AC3E-AC553B965D20}.Debug|Any CPU.ActiveCfg = Debug|Any CPU
		{6A1A818E-2075-7503-AC3E-AC553B965D20}.Debug|Any CPU.Build.0 = Debug|Any CPU
		{6A1A818E-2075-7503-AC3E-AC553B965D20}.Release|Any CPU.ActiveCfg = Release|Any CPU
		{6A1A818E-2075-7503-AC3E-AC553B965D20}.Release|Any CPU.Build.0 = Release|Any CPU
		{2CC0F6F4-C6D6-0A3E-1A6F-736E4EE6E32D}.Debug|Any CPU.ActiveCfg = Debug|Any CPU
		{2CC0F6F4-C6D6-0A3E-1A6F-736E4EE6E32D}.Debug|Any CPU.Build.0 = Debug|Any CPU
		{2CC0F6F4-C6D6-0A3E-1A6F-736E4EE6E32D}.Release|Any CPU.ActiveCfg = Release|Any CPU
		{2CC0F6F4-C6D6-0A3E-1A6F-736E4EE6E32D}.Release|Any CPU.Build.0 = Release|Any CPU
		{A5250F35-1318-2544-DD4C-5C2FC4147C97}.Debug|Any CPU.ActiveCfg = Debug|Any CPU
		{A5250F35-1318-2544-DD4C-5C2FC4147C97}.Debug|Any CPU.Build.0 = Debug|Any CPU
		{A5250F35-1318-2544-DD4C-5C2FC4147C97}.Release|Any CPU.ActiveCfg = Release|Any CPU
		{A5250F35-1318-2544-DD4C-5C2FC4147C97}.Release|Any CPU.Build.0 = Release|Any CPU
		{FDDF8B7C-41FE-A39A-6617-F0066EA802E7}.Debug|Any CPU.ActiveCfg = Debug|Any CPU
		{FDDF8B7C-41FE-A39A-6617-F0066EA802E7}.Debug|Any CPU.Build.0 = Debug|Any CPU
		{FDDF8B7C-41FE-A39A-6617-F0066EA802E7}.Release|Any CPU.ActiveCfg = Release|Any CPU
		{FDDF8B7C-41FE-A39A-6617-F0066EA802E7}.Release|Any CPU.Build.0 = Release|Any CPU
		{586AA030-3A61-948A-9BF6-DEA7DE4BB8AC}.Debug|Any CPU.ActiveCfg = Debug|Any CPU
		{586AA030-3A61-948A-9BF6-DEA7DE4BB8AC}.Debug|Any CPU.Build.0 = Debug|Any CPU
		{586AA030-3A61-948A-9BF6-DEA7DE4BB8AC}.Release|Any CPU.ActiveCfg = Release|Any CPU
		{586AA030-3A61-948A-9BF6-DEA7DE4BB8AC}.Release|Any CPU.Build.0 = Release|Any CPU
		{5E558851-FDA6-9F7E-A212-AD070AEF04E5}.Debug|Any CPU.ActiveCfg = Debug|Any CPU
		{5E558851-FDA6-9F7E-A212-AD070AEF04E5}.Debug|Any CPU.Build.0 = Debug|Any CPU
		{5E558851-FDA6-9F7E-A212-AD070AEF04E5}.Release|Any CPU.ActiveCfg = Release|Any CPU
		{5E558851-FDA6-9F7E-A212-AD070AEF04E5}.Release|Any CPU.Build.0 = Release|Any CPU
		{55A5E845-175E-E641-CCA2-3D6F7C379819}.Debug|Any CPU.ActiveCfg = Debug|Any CPU
		{55A5E845-175E-E641-CCA2-3D6F7C379819}.Debug|Any CPU.Build.0 = Debug|Any CPU
		{55A5E845-175E-E641-CCA2-3D6F7C379819}.Release|Any CPU.ActiveCfg = Release|Any CPU
		{55A5E845-175E-E641-CCA2-3D6F7C379819}.Release|Any CPU.Build.0 = Release|Any CPU
		{85050600-7E82-57E0-83A3-9541F1C96483}.Debug|Any CPU.ActiveCfg = Debug|Any CPU
		{85050600-7E82-57E0-83A3-9541F1C96483}.Debug|Any CPU.Build.0 = Debug|Any CPU
		{85050600-7E82-57E0-83A3-9541F1C96483}.Release|Any CPU.ActiveCfg = Release|Any CPU
		{85050600-7E82-57E0-83A3-9541F1C96483}.Release|Any CPU.Build.0 = Release|Any CPU
		{82AD70A2-8CFB-21C5-E084-5E716F4181A8}.Debug|Any CPU.ActiveCfg = Debug|Any CPU
		{82AD70A2-8CFB-21C5-E084-5E716F4181A8}.Debug|Any CPU.Build.0 = Debug|Any CPU
		{82AD70A2-8CFB-21C5-E084-5E716F4181A8}.Release|Any CPU.ActiveCfg = Release|Any CPU
		{82AD70A2-8CFB-21C5-E084-5E716F4181A8}.Release|Any CPU.Build.0 = Release|Any CPU
		{DCE4F8D3-96F7-3EEF-9E78-1A5D56FEB7B7}.Debug|Any CPU.ActiveCfg = Debug|Any CPU
		{DCE4F8D3-96F7-3EEF-9E78-1A5D56FEB7B7}.Debug|Any CPU.Build.0 = Debug|Any CPU
		{DCE4F8D3-96F7-3EEF-9E78-1A5D56FEB7B7}.Release|Any CPU.ActiveCfg = Release|Any CPU
		{DCE4F8D3-96F7-3EEF-9E78-1A5D56FEB7B7}.Release|Any CPU.Build.0 = Release|Any CPU
		{9B168589-3356-01B5-B9F7-335C1615CD9E}.Debug|Any CPU.ActiveCfg = Debug|Any CPU
		{9B168589-3356-01B5-B9F7-335C1615CD9E}.Debug|Any CPU.Build.0 = Debug|Any CPU
		{9B168589-3356-01B5-B9F7-335C1615CD9E}.Release|Any CPU.ActiveCfg = Release|Any CPU
		{9B168589-3356-01B5-B9F7-335C1615CD9E}.Release|Any CPU.Build.0 = Release|Any CPU
		{35815A81-24E1-D887-788A-8562A15E7977}.Debug|Any CPU.ActiveCfg = Debug|Any CPU
		{35815A81-24E1-D887-788A-8562A15E7977}.Debug|Any CPU.Build.0 = Debug|Any CPU
		{35815A81-24E1-D887-788A-8562A15E7977}.Release|Any CPU.ActiveCfg = Release|Any CPU
		{35815A81-24E1-D887-788A-8562A15E7977}.Release|Any CPU.Build.0 = Release|Any CPU
		{5FF6E03C-C718-AD2B-0FF9-687651DEDE8F}.Debug|Any CPU.ActiveCfg = Debug|Any CPU
		{5FF6E03C-C718-AD2B-0FF9-687651DEDE8F}.Debug|Any CPU.Build.0 = Debug|Any CPU
		{5FF6E03C-C718-AD2B-0FF9-687651DEDE8F}.Release|Any CPU.ActiveCfg = Release|Any CPU
		{5FF6E03C-C718-AD2B-0FF9-687651DEDE8F}.Release|Any CPU.Build.0 = Release|Any CPU
		{C9DC7B3C-B276-C6CD-5E59-836B69C1E89D}.Debug|Any CPU.ActiveCfg = Debug|Any CPU
		{C9DC7B3C-B276-C6CD-5E59-836B69C1E89D}.Debug|Any CPU.Build.0 = Debug|Any CPU
		{C9DC7B3C-B276-C6CD-5E59-836B69C1E89D}.Release|Any CPU.ActiveCfg = Release|Any CPU
		{C9DC7B3C-B276-C6CD-5E59-836B69C1E89D}.Release|Any CPU.Build.0 = Release|Any CPU
		{4C92CAD7-FCF7-AC3B-3297-89ACCEA0CF2C}.Debug|Any CPU.ActiveCfg = Debug|Any CPU
		{4C92CAD7-FCF7-AC3B-3297-89ACCEA0CF2C}.Debug|Any CPU.Build.0 = Debug|Any CPU
		{4C92CAD7-FCF7-AC3B-3297-89ACCEA0CF2C}.Release|Any CPU.ActiveCfg = Release|Any CPU
		{4C92CAD7-FCF7-AC3B-3297-89ACCEA0CF2C}.Release|Any CPU.Build.0 = Release|Any CPU
		{1F262A2A-81DC-EFC2-E167-3021B3891362}.Debug|Any CPU.ActiveCfg = Debug|Any CPU
		{1F262A2A-81DC-EFC2-E167-3021B3891362}.Debug|Any CPU.Build.0 = Debug|Any CPU
		{1F262A2A-81DC-EFC2-E167-3021B3891362}.Release|Any CPU.ActiveCfg = Release|Any CPU
		{1F262A2A-81DC-EFC2-E167-3021B3891362}.Release|Any CPU.Build.0 = Release|Any CPU
		{167C60AB-AB6D-7EED-BEB2-EFA64D7C53B6}.Debug|Any CPU.ActiveCfg = Debug|Any CPU
		{167C60AB-AB6D-7EED-BEB2-EFA64D7C53B6}.Debug|Any CPU.Build.0 = Debug|Any CPU
		{167C60AB-AB6D-7EED-BEB2-EFA64D7C53B6}.Release|Any CPU.ActiveCfg = Release|Any CPU
		{167C60AB-AB6D-7EED-BEB2-EFA64D7C53B6}.Release|Any CPU.Build.0 = Release|Any CPU
		{065C90A2-D456-4F70-D470-B042FA89EEEC}.Debug|Any CPU.ActiveCfg = Debug|Any CPU
		{065C90A2-D456-4F70-D470-B042FA89EEEC}.Debug|Any CPU.Build.0 = Debug|Any CPU
		{065C90A2-D456-4F70-D470-B042FA89EEEC}.Release|Any CPU.ActiveCfg = Release|Any CPU
		{065C90A2-D456-4F70-D470-B042FA89EEEC}.Release|Any CPU.Build.0 = Release|Any CPU
		{DC7E125F-9AC6-1055-64DC-5B7A618D7888}.Debug|Any CPU.ActiveCfg = Debug|Any CPU
		{DC7E125F-9AC6-1055-64DC-5B7A618D7888}.Debug|Any CPU.Build.0 = Debug|Any CPU
		{DC7E125F-9AC6-1055-64DC-5B7A618D7888}.Release|Any CPU.ActiveCfg = Release|Any CPU
		{DC7E125F-9AC6-1055-64DC-5B7A618D7888}.Release|Any CPU.Build.0 = Release|Any CPU
		{B8C7ABE1-DFF3-7E78-6DA7-9DF123FE4EC8}.Debug|Any CPU.ActiveCfg = Debug|Any CPU
		{B8C7ABE1-DFF3-7E78-6DA7-9DF123FE4EC8}.Debug|Any CPU.Build.0 = Debug|Any CPU
		{B8C7ABE1-DFF3-7E78-6DA7-9DF123FE4EC8}.Release|Any CPU.ActiveCfg = Release|Any CPU
		{B8C7ABE1-DFF3-7E78-6DA7-9DF123FE4EC8}.Release|Any CPU.Build.0 = Release|Any CPU
		{01245057-8D32-51F8-C913-3E7CB1B1563E}.Debug|Any CPU.ActiveCfg = Debug|Any CPU
		{01245057-8D32-51F8-C913-3E7CB1B1563E}.Debug|Any CPU.Build.0 = Debug|Any CPU
		{01245057-8D32-51F8-C913-3E7CB1B1563E}.Release|Any CPU.ActiveCfg = Release|Any CPU
		{01245057-8D32-51F8-C913-3E7CB1B1563E}.Release|Any CPU.Build.0 = Release|Any CPU
		{03AC2CA7-AF01-FE34-84B6-7CE92CF47147}.Debug|Any CPU.ActiveCfg = Debug|Any CPU
		{03AC2CA7-AF01-FE34-84B6-7CE92CF47147}.Debug|Any CPU.Build.0 = Debug|Any CPU
		{03AC2CA7-AF01-FE34-84B6-7CE92CF47147}.Release|Any CPU.ActiveCfg = Release|Any CPU
		{03AC2CA7-AF01-FE34-84B6-7CE92CF47147}.Release|Any CPU.Build.0 = Release|Any CPU
		{90624677-5896-CEF1-34BC-AD6770A4F265}.Debug|Any CPU.ActiveCfg = Debug|Any CPU
		{90624677-5896-CEF1-34BC-AD6770A4F265}.Debug|Any CPU.Build.0 = Debug|Any CPU
		{90624677-5896-CEF1-34BC-AD6770A4F265}.Release|Any CPU.ActiveCfg = Release|Any CPU
		{90624677-5896-CEF1-34BC-AD6770A4F265}.Release|Any CPU.Build.0 = Release|Any CPU
		{48667432-97AF-0C0C-DA30-CE0B5FB2EC33}.Debug|Any CPU.ActiveCfg = Debug|Any CPU
		{48667432-97AF-0C0C-DA30-CE0B5FB2EC33}.Debug|Any CPU.Build.0 = Debug|Any CPU
		{48667432-97AF-0C0C-DA30-CE0B5FB2EC33}.Release|Any CPU.ActiveCfg = Release|Any CPU
		{48667432-97AF-0C0C-DA30-CE0B5FB2EC33}.Release|Any CPU.Build.0 = Release|Any CPU
		{F20BA68D-049C-89F1-F992-DFB92C503F68}.Debug|Any CPU.ActiveCfg = Debug|Any CPU
		{F20BA68D-049C-89F1-F992-DFB92C503F68}.Debug|Any CPU.Build.0 = Debug|Any CPU
		{F20BA68D-049C-89F1-F992-DFB92C503F68}.Release|Any CPU.ActiveCfg = Release|Any CPU
		{F20BA68D-049C-89F1-F992-DFB92C503F68}.Release|Any CPU.Build.0 = Release|Any CPU
		{D9EBFB72-5975-0825-D3CD-8D7E30A025A5}.Debug|Any CPU.ActiveCfg = Debug|Any CPU
		{D9EBFB72-5975-0825-D3CD-8D7E30A025A5}.Debug|Any CPU.Build.0 = Debug|Any CPU
		{D9EBFB72-5975-0825-D3CD-8D7E30A025A5}.Release|Any CPU.ActiveCfg = Release|Any CPU
		{D9EBFB72-5975-0825-D3CD-8D7E30A025A5}.Release|Any CPU.Build.0 = Release|Any CPU
		{32C3BDE6-E125-3128-82C1-25D0441455A3}.Debug|Any CPU.ActiveCfg = Debug|Any CPU
		{32C3BDE6-E125-3128-82C1-25D0441455A3}.Debug|Any CPU.Build.0 = Debug|Any CPU
		{32C3BDE6-E125-3128-82C1-25D0441455A3}.Release|Any CPU.ActiveCfg = Release|Any CPU
		{32C3BDE6-E125-3128-82C1-25D0441455A3}.Release|Any CPU.Build.0 = Release|Any CPU
		{3375ABF2-BCB5-BC3F-D583-0FE77C66C37C}.Debug|Any CPU.ActiveCfg = Debug|Any CPU
		{3375ABF2-BCB5-BC3F-D583-0FE77C66C37C}.Debug|Any CPU.Build.0 = Debug|Any CPU
		{3375ABF2-BCB5-BC3F-D583-0FE77C66C37C}.Release|Any CPU.ActiveCfg = Release|Any CPU
		{3375ABF2-BCB5-BC3F-D583-0FE77C66C37C}.Release|Any CPU.Build.0 = Release|Any CPU
		{20AFDAD9-6930-1516-B608-4469FD23C66C}.Debug|Any CPU.ActiveCfg = Debug|Any CPU
		{20AFDAD9-6930-1516-B608-4469FD23C66C}.Debug|Any CPU.Build.0 = Debug|Any CPU
		{20AFDAD9-6930-1516-B608-4469FD23C66C}.Release|Any CPU.ActiveCfg = Release|Any CPU
		{20AFDAD9-6930-1516-B608-4469FD23C66C}.Release|Any CPU.Build.0 = Release|Any CPU
		{3B501CEF-067F-B97A-D5BE-2256A865ABE2}.Debug|Any CPU.ActiveCfg = Debug|Any CPU
		{3B501CEF-067F-B97A-D5BE-2256A865ABE2}.Debug|Any CPU.Build.0 = Debug|Any CPU
		{3B501CEF-067F-B97A-D5BE-2256A865ABE2}.Release|Any CPU.ActiveCfg = Release|Any CPU
		{3B501CEF-067F-B97A-D5BE-2256A865ABE2}.Release|Any CPU.Build.0 = Release|Any CPU
		{3FA15CEE-7665-E32C-0E83-912339B6AB7B}.Debug|Any CPU.ActiveCfg = Debug|Any CPU
		{3FA15CEE-7665-E32C-0E83-912339B6AB7B}.Debug|Any CPU.Build.0 = Debug|Any CPU
		{3FA15CEE-7665-E32C-0E83-912339B6AB7B}.Release|Any CPU.ActiveCfg = Release|Any CPU
		{3FA15CEE-7665-E32C-0E83-912339B6AB7B}.Release|Any CPU.Build.0 = Release|Any CPU
		{DC307A19-E780-578D-C071-E719F3D69E09}.Debug|Any CPU.ActiveCfg = Debug|Any CPU
		{DC307A19-E780-578D-C071-E719F3D69E09}.Debug|Any CPU.Build.0 = Debug|Any CPU
		{DC307A19-E780-578D-C071-E719F3D69E09}.Release|Any CPU.ActiveCfg = Release|Any CPU
		{DC307A19-E780-578D-C071-E719F3D69E09}.Release|Any CPU.Build.0 = Release|Any CPU
		{BFCB1A71-A1B1-F655-2E3A-49328AF55F29}.Debug|Any CPU.ActiveCfg = Debug|Any CPU
		{BFCB1A71-A1B1-F655-2E3A-49328AF55F29}.Debug|Any CPU.Build.0 = Debug|Any CPU
		{BFCB1A71-A1B1-F655-2E3A-49328AF55F29}.Release|Any CPU.ActiveCfg = Release|Any CPU
		{BFCB1A71-A1B1-F655-2E3A-49328AF55F29}.Release|Any CPU.Build.0 = Release|Any CPU
		{34A60795-9867-1D70-8CE5-742C12899BDC}.Debug|Any CPU.ActiveCfg = Debug|Any CPU
		{34A60795-9867-1D70-8CE5-742C12899BDC}.Debug|Any CPU.Build.0 = Debug|Any CPU
		{34A60795-9867-1D70-8CE5-742C12899BDC}.Release|Any CPU.ActiveCfg = Release|Any CPU
		{34A60795-9867-1D70-8CE5-742C12899BDC}.Release|Any CPU.Build.0 = Release|Any CPU
		{D6A23B7B-D5BA-8A51-4DEA-DD149A5BA3C0}.Debug|Any CPU.ActiveCfg = Debug|Any CPU
		{D6A23B7B-D5BA-8A51-4DEA-DD149A5BA3C0}.Debug|Any CPU.Build.0 = Debug|Any CPU
		{D6A23B7B-D5BA-8A51-4DEA-DD149A5BA3C0}.Release|Any CPU.ActiveCfg = Release|Any CPU
		{D6A23B7B-D5BA-8A51-4DEA-DD149A5BA3C0}.Release|Any CPU.Build.0 = Release|Any CPU
		{A5EC846E-BD95-6712-4F58-3A4ED63FFC9E}.Debug|Any CPU.ActiveCfg = Debug|Any CPU
		{A5EC846E-BD95-6712-4F58-3A4ED63FFC9E}.Debug|Any CPU.Build.0 = Debug|Any CPU
		{A5EC846E-BD95-6712-4F58-3A4ED63FFC9E}.Release|Any CPU.ActiveCfg = Release|Any CPU
		{A5EC846E-BD95-6712-4F58-3A4ED63FFC9E}.Release|Any CPU.Build.0 = Release|Any CPU
		{86D4755F-5CEC-9BB4-CFF1-41DB8CAD4A63}.Debug|Any CPU.ActiveCfg = Debug|Any CPU
		{86D4755F-5CEC-9BB4-CFF1-41DB8CAD4A63}.Debug|Any CPU.Build.0 = Debug|Any CPU
		{86D4755F-5CEC-9BB4-CFF1-41DB8CAD4A63}.Release|Any CPU.ActiveCfg = Release|Any CPU
		{86D4755F-5CEC-9BB4-CFF1-41DB8CAD4A63}.Release|Any CPU.Build.0 = Release|Any CPU
		{668AB10E-A0F0-F638-0DC8-E7CDFC03D130}.Debug|Any CPU.ActiveCfg = Debug|Any CPU
		{668AB10E-A0F0-F638-0DC8-E7CDFC03D130}.Debug|Any CPU.Build.0 = Debug|Any CPU
		{668AB10E-A0F0-F638-0DC8-E7CDFC03D130}.Release|Any CPU.ActiveCfg = Release|Any CPU
		{668AB10E-A0F0-F638-0DC8-E7CDFC03D130}.Release|Any CPU.Build.0 = Release|Any CPU
		{7023E02F-9624-554E-8602-9C158CCA0055}.Debug|Any CPU.ActiveCfg = Debug|Any CPU
		{7023E02F-9624-554E-8602-9C158CCA0055}.Debug|Any CPU.Build.0 = Debug|Any CPU
		{7023E02F-9624-554E-8602-9C158CCA0055}.Release|Any CPU.ActiveCfg = Release|Any CPU
		{7023E02F-9624-554E-8602-9C158CCA0055}.Release|Any CPU.Build.0 = Release|Any CPU
		{DCEA061E-3CE2-DC5E-A344-D1924CB80B9B}.Debug|Any CPU.ActiveCfg = Debug|Any CPU
		{DCEA061E-3CE2-DC5E-A344-D1924CB80B9B}.Debug|Any CPU.Build.0 = Debug|Any CPU
		{DCEA061E-3CE2-DC5E-A344-D1924CB80B9B}.Release|Any CPU.ActiveCfg = Release|Any CPU
		{DCEA061E-3CE2-DC5E-A344-D1924CB80B9B}.Release|Any CPU.Build.0 = Release|Any CPU
		{B02BE2D1-E691-87FA-796F-DEDBEA8B284B}.Debug|Any CPU.ActiveCfg = Debug|Any CPU
		{B02BE2D1-E691-87FA-796F-DEDBEA8B284B}.Debug|Any CPU.Build.0 = Debug|Any CPU
		{B02BE2D1-E691-87FA-796F-DEDBEA8B284B}.Release|Any CPU.ActiveCfg = Release|Any CPU
		{B02BE2D1-E691-87FA-796F-DEDBEA8B284B}.Release|Any CPU.Build.0 = Release|Any CPU
		{7C7D3687-5FE4-5E63-70E1-971D2069C250}.Debug|Any CPU.ActiveCfg = Debug|Any CPU
		{7C7D3687-5FE4-5E63-70E1-971D2069C250}.Debug|Any CPU.Build.0 = Debug|Any CPU
		{7C7D3687-5FE4-5E63-70E1-971D2069C250}.Release|Any CPU.ActiveCfg = Release|Any CPU
		{7C7D3687-5FE4-5E63-70E1-971D2069C250}.Release|Any CPU.Build.0 = Release|Any CPU
		{E5C22661-6945-3BD8-1617-666B8D54B536}.Debug|Any CPU.ActiveCfg = Debug|Any CPU
		{E5C22661-6945-3BD8-1617-666B8D54B536}.Debug|Any CPU.Build.0 = Debug|Any CPU
		{E5C22661-6945-3BD8-1617-666B8D54B536}.Release|Any CPU.ActiveCfg = Release|Any CPU
		{E5C22661-6945-3BD8-1617-666B8D54B536}.Release|Any CPU.Build.0 = Release|Any CPU
		{8E403A2D-AC8A-B611-C064-2F1743309B56}.Debug|Any CPU.ActiveCfg = Debug|Any CPU
		{8E403A2D-AC8A-B611-C064-2F1743309B56}.Debug|Any CPU.Build.0 = Debug|Any CPU
		{8E403A2D-AC8A-B611-C064-2F1743309B56}.Release|Any CPU.ActiveCfg = Release|Any CPU
		{8E403A2D-AC8A-B611-C064-2F1743309B56}.Release|Any CPU.Build.0 = Release|Any CPU
		{B78B5FAE-383A-2CBC-EA83-9539FB50A330}.Debug|Any CPU.ActiveCfg = Debug|Any CPU
		{B78B5FAE-383A-2CBC-EA83-9539FB50A330}.Debug|Any CPU.Build.0 = Debug|Any CPU
		{B78B5FAE-383A-2CBC-EA83-9539FB50A330}.Release|Any CPU.ActiveCfg = Release|Any CPU
		{B78B5FAE-383A-2CBC-EA83-9539FB50A330}.Release|Any CPU.Build.0 = Release|Any CPU
		{43AB9CDC-BA6D-D7E6-471D-993377B8649E}.Debug|Any CPU.ActiveCfg = Debug|Any CPU
		{43AB9CDC-BA6D-D7E6-471D-993377B8649E}.Debug|Any CPU.Build.0 = Debug|Any CPU
		{43AB9CDC-BA6D-D7E6-471D-993377B8649E}.Release|Any CPU.ActiveCfg = Release|Any CPU
		{43AB9CDC-BA6D-D7E6-471D-993377B8649E}.Release|Any CPU.Build.0 = Release|Any CPU
		{B18D55CC-2AF3-020B-0D9E-8F7FC831572B}.Debug|Any CPU.ActiveCfg = Debug|Any CPU
		{B18D55CC-2AF3-020B-0D9E-8F7FC831572B}.Debug|Any CPU.Build.0 = Debug|Any CPU
		{B18D55CC-2AF3-020B-0D9E-8F7FC831572B}.Release|Any CPU.ActiveCfg = Release|Any CPU
		{B18D55CC-2AF3-020B-0D9E-8F7FC831572B}.Release|Any CPU.Build.0 = Release|Any CPU
		{C00E9E01-F7FC-1600-919B-92395D6A4FD6}.Debug|Any CPU.ActiveCfg = Debug|Any CPU
		{C00E9E01-F7FC-1600-919B-92395D6A4FD6}.Debug|Any CPU.Build.0 = Debug|Any CPU
		{C00E9E01-F7FC-1600-919B-92395D6A4FD6}.Release|Any CPU.ActiveCfg = Release|Any CPU
		{C00E9E01-F7FC-1600-919B-92395D6A4FD6}.Release|Any CPU.Build.0 = Release|Any CPU
		{0C42541F-7462-D117-4B72-A5F910432D9F}.Debug|Any CPU.ActiveCfg = Debug|Any CPU
		{0C42541F-7462-D117-4B72-A5F910432D9F}.Debug|Any CPU.Build.0 = Debug|Any CPU
		{0C42541F-7462-D117-4B72-A5F910432D9F}.Release|Any CPU.ActiveCfg = Release|Any CPU
		{0C42541F-7462-D117-4B72-A5F910432D9F}.Release|Any CPU.Build.0 = Release|Any CPU
		{7D619AD0-2EC3-17D6-7A49-94EB6392D914}.Debug|Any CPU.ActiveCfg = Debug|Any CPU
		{7D619AD0-2EC3-17D6-7A49-94EB6392D914}.Debug|Any CPU.Build.0 = Debug|Any CPU
		{7D619AD0-2EC3-17D6-7A49-94EB6392D914}.Release|Any CPU.ActiveCfg = Release|Any CPU
		{7D619AD0-2EC3-17D6-7A49-94EB6392D914}.Release|Any CPU.Build.0 = Release|Any CPU
		{61F50089-323C-098C-CBAE-3AA2888E3FE9}.Debug|Any CPU.ActiveCfg = Debug|Any CPU
		{61F50089-323C-098C-CBAE-3AA2888E3FE9}.Debug|Any CPU.Build.0 = Debug|Any CPU
		{61F50089-323C-098C-CBAE-3AA2888E3FE9}.Release|Any CPU.ActiveCfg = Release|Any CPU
		{61F50089-323C-098C-CBAE-3AA2888E3FE9}.Release|Any CPU.Build.0 = Release|Any CPU
		{E7398E0F-0FAD-60BB-855C-8B9643DFBD85}.Debug|Any CPU.ActiveCfg = Debug|Any CPU
		{E7398E0F-0FAD-60BB-855C-8B9643DFBD85}.Debug|Any CPU.Build.0 = Debug|Any CPU
		{E7398E0F-0FAD-60BB-855C-8B9643DFBD85}.Release|Any CPU.ActiveCfg = Release|Any CPU
		{E7398E0F-0FAD-60BB-855C-8B9643DFBD85}.Release|Any CPU.Build.0 = Release|Any CPU
		{30A150A5-E0CC-4186-D355-F763AE71B763}.Debug|Any CPU.ActiveCfg = Debug|Any CPU
		{30A150A5-E0CC-4186-D355-F763AE71B763}.Debug|Any CPU.Build.0 = Debug|Any CPU
		{30A150A5-E0CC-4186-D355-F763AE71B763}.Release|Any CPU.ActiveCfg = Release|Any CPU
		{30A150A5-E0CC-4186-D355-F763AE71B763}.Release|Any CPU.Build.0 = Release|Any CPU
		{771E489D-BE4D-B2E3-E36E-E6067EF3DDB8}.Debug|Any CPU.ActiveCfg = Debug|Any CPU
		{771E489D-BE4D-B2E3-E36E-E6067EF3DDB8}.Debug|Any CPU.Build.0 = Debug|Any CPU
		{771E489D-BE4D-B2E3-E36E-E6067EF3DDB8}.Release|Any CPU.ActiveCfg = Release|Any CPU
		{771E489D-BE4D-B2E3-E36E-E6067EF3DDB8}.Release|Any CPU.Build.0 = Release|Any CPU
		{DB4682A0-BC3C-8A06-1CE7-DCA4EC203DD6}.Debug|Any CPU.ActiveCfg = Debug|Any CPU
		{DB4682A0-BC3C-8A06-1CE7-DCA4EC203DD6}.Debug|Any CPU.Build.0 = Debug|Any CPU
		{DB4682A0-BC3C-8A06-1CE7-DCA4EC203DD6}.Release|Any CPU.ActiveCfg = Release|Any CPU
		{DB4682A0-BC3C-8A06-1CE7-DCA4EC203DD6}.Release|Any CPU.Build.0 = Release|Any CPU
		{FF091E7C-723E-355B-F53D-AB127317578B}.Debug|Any CPU.ActiveCfg = Debug|Any CPU
		{FF091E7C-723E-355B-F53D-AB127317578B}.Debug|Any CPU.Build.0 = Debug|Any CPU
		{FF091E7C-723E-355B-F53D-AB127317578B}.Release|Any CPU.ActiveCfg = Release|Any CPU
		{FF091E7C-723E-355B-F53D-AB127317578B}.Release|Any CPU.Build.0 = Release|Any CPU
		{458A26B6-2CAE-BBEE-5D50-9D4DF95694FF}.Debug|Any CPU.ActiveCfg = Debug|Any CPU
		{458A26B6-2CAE-BBEE-5D50-9D4DF95694FF}.Debug|Any CPU.Build.0 = Debug|Any CPU
		{458A26B6-2CAE-BBEE-5D50-9D4DF95694FF}.Release|Any CPU.ActiveCfg = Release|Any CPU
		{458A26B6-2CAE-BBEE-5D50-9D4DF95694FF}.Release|Any CPU.Build.0 = Release|Any CPU
		{32973667-C863-8AC6-7007-6F21A340FE42}.Debug|Any CPU.ActiveCfg = Debug|Any CPU
		{32973667-C863-8AC6-7007-6F21A340FE42}.Debug|Any CPU.Build.0 = Debug|Any CPU
		{32973667-C863-8AC6-7007-6F21A340FE42}.Release|Any CPU.ActiveCfg = Release|Any CPU
		{32973667-C863-8AC6-7007-6F21A340FE42}.Release|Any CPU.Build.0 = Release|Any CPU
		{B9B35DE5-7FDE-809C-333A-C4725FB33FBA}.Debug|Any CPU.ActiveCfg = Debug|Any CPU
		{B9B35DE5-7FDE-809C-333A-C4725FB33FBA}.Debug|Any CPU.Build.0 = Debug|Any CPU
		{B9B35DE5-7FDE-809C-333A-C4725FB33FBA}.Release|Any CPU.ActiveCfg = Release|Any CPU
		{B9B35DE5-7FDE-809C-333A-C4725FB33FBA}.Release|Any CPU.Build.0 = Release|Any CPU
		{546FCC2C-381C-6D8B-E6B6-4B7DAD5BBD36}.Debug|Any CPU.ActiveCfg = Debug|Any CPU
		{546FCC2C-381C-6D8B-E6B6-4B7DAD5BBD36}.Debug|Any CPU.Build.0 = Debug|Any CPU
		{546FCC2C-381C-6D8B-E6B6-4B7DAD5BBD36}.Release|Any CPU.ActiveCfg = Release|Any CPU
		{546FCC2C-381C-6D8B-E6B6-4B7DAD5BBD36}.Release|Any CPU.Build.0 = Release|Any CPU
		{25061A6A-FD25-AB08-B28E-730DF242B4F2}.Debug|Any CPU.ActiveCfg = Debug|Any CPU
		{25061A6A-FD25-AB08-B28E-730DF242B4F2}.Debug|Any CPU.Build.0 = Debug|Any CPU
		{25061A6A-FD25-AB08-B28E-730DF242B4F2}.Release|Any CPU.ActiveCfg = Release|Any CPU
		{25061A6A-FD25-AB08-B28E-730DF242B4F2}.Release|Any CPU.Build.0 = Release|Any CPU
		{791691AE-C30E-18BD-1AAF-61BC0E153B32}.Debug|Any CPU.ActiveCfg = Debug|Any CPU
		{791691AE-C30E-18BD-1AAF-61BC0E153B32}.Debug|Any CPU.Build.0 = Debug|Any CPU
		{791691AE-C30E-18BD-1AAF-61BC0E153B32}.Release|Any CPU.ActiveCfg = Release|Any CPU
		{791691AE-C30E-18BD-1AAF-61BC0E153B32}.Release|Any CPU.Build.0 = Release|Any CPU
		{9D35EA71-E571-6854-7CA3-B09CC295EF96}.Debug|Any CPU.ActiveCfg = Debug|Any CPU
		{9D35EA71-E571-6854-7CA3-B09CC295EF96}.Debug|Any CPU.Build.0 = Debug|Any CPU
		{9D35EA71-E571-6854-7CA3-B09CC295EF96}.Release|Any CPU.ActiveCfg = Release|Any CPU
		{9D35EA71-E571-6854-7CA3-B09CC295EF96}.Release|Any CPU.Build.0 = Release|Any CPU
		{2DCC1A2F-8868-380B-3A87-1476460F75BA}.Debug|Any CPU.ActiveCfg = Debug|Any CPU
		{2DCC1A2F-8868-380B-3A87-1476460F75BA}.Debug|Any CPU.Build.0 = Debug|Any CPU
		{2DCC1A2F-8868-380B-3A87-1476460F75BA}.Release|Any CPU.ActiveCfg = Release|Any CPU
		{2DCC1A2F-8868-380B-3A87-1476460F75BA}.Release|Any CPU.Build.0 = Release|Any CPU
		{0231BDEE-AA2C-B488-85F6-8FD6A33AC141}.Debug|Any CPU.ActiveCfg = Debug|Any CPU
		{0231BDEE-AA2C-B488-85F6-8FD6A33AC141}.Debug|Any CPU.Build.0 = Debug|Any CPU
		{0231BDEE-AA2C-B488-85F6-8FD6A33AC141}.Release|Any CPU.ActiveCfg = Release|Any CPU
		{0231BDEE-AA2C-B488-85F6-8FD6A33AC141}.Release|Any CPU.Build.0 = Release|Any CPU
		{11687160-DD16-2B79-0BE7-565BF787E78F}.Debug|Any CPU.ActiveCfg = Debug|Any CPU
		{11687160-DD16-2B79-0BE7-565BF787E78F}.Debug|Any CPU.Build.0 = Debug|Any CPU
		{11687160-DD16-2B79-0BE7-565BF787E78F}.Release|Any CPU.ActiveCfg = Release|Any CPU
		{11687160-DD16-2B79-0BE7-565BF787E78F}.Release|Any CPU.Build.0 = Release|Any CPU
		{5655BD0C-7B09-66F0-2EA9-4567DF8B4FDE}.Debug|Any CPU.ActiveCfg = Debug|Any CPU
		{5655BD0C-7B09-66F0-2EA9-4567DF8B4FDE}.Debug|Any CPU.Build.0 = Debug|Any CPU
		{5655BD0C-7B09-66F0-2EA9-4567DF8B4FDE}.Release|Any CPU.ActiveCfg = Release|Any CPU
		{5655BD0C-7B09-66F0-2EA9-4567DF8B4FDE}.Release|Any CPU.Build.0 = Release|Any CPU
		{C7899E62-3072-7177-36B3-B182CD6D1CBA}.Debug|Any CPU.ActiveCfg = Debug|Any CPU
		{C7899E62-3072-7177-36B3-B182CD6D1CBA}.Debug|Any CPU.Build.0 = Debug|Any CPU
		{C7899E62-3072-7177-36B3-B182CD6D1CBA}.Release|Any CPU.ActiveCfg = Release|Any CPU
		{C7899E62-3072-7177-36B3-B182CD6D1CBA}.Release|Any CPU.Build.0 = Release|Any CPU
		{1E14576A-1A3B-7658-C29A-8C824D618862}.Debug|Any CPU.ActiveCfg = Debug|Any CPU
		{1E14576A-1A3B-7658-C29A-8C824D618862}.Debug|Any CPU.Build.0 = Debug|Any CPU
		{1E14576A-1A3B-7658-C29A-8C824D618862}.Release|Any CPU.ActiveCfg = Release|Any CPU
		{1E14576A-1A3B-7658-C29A-8C824D618862}.Release|Any CPU.Build.0 = Release|Any CPU
		{2DAE499B-08E3-BB49-4E9D-91F1C405EAAF}.Debug|Any CPU.ActiveCfg = Debug|Any CPU
		{2DAE499B-08E3-BB49-4E9D-91F1C405EAAF}.Debug|Any CPU.Build.0 = Debug|Any CPU
		{2DAE499B-08E3-BB49-4E9D-91F1C405EAAF}.Release|Any CPU.ActiveCfg = Release|Any CPU
		{2DAE499B-08E3-BB49-4E9D-91F1C405EAAF}.Release|Any CPU.Build.0 = Release|Any CPU
		{090825C0-D29E-2CD2-A54B-126B6FD47508}.Debug|Any CPU.ActiveCfg = Debug|Any CPU
		{090825C0-D29E-2CD2-A54B-126B6FD47508}.Debug|Any CPU.Build.0 = Debug|Any CPU
		{090825C0-D29E-2CD2-A54B-126B6FD47508}.Release|Any CPU.ActiveCfg = Release|Any CPU
		{090825C0-D29E-2CD2-A54B-126B6FD47508}.Release|Any CPU.Build.0 = Release|Any CPU
		{8654271A-3D59-4E7B-BD40-E3ABE5D04DB1}.Debug|Any CPU.ActiveCfg = Debug|Any CPU
		{8654271A-3D59-4E7B-BD40-E3ABE5D04DB1}.Debug|Any CPU.Build.0 = Debug|Any CPU
		{8654271A-3D59-4E7B-BD40-E3ABE5D04DB1}.Release|Any CPU.ActiveCfg = Release|Any CPU
		{8654271A-3D59-4E7B-BD40-E3ABE5D04DB1}.Release|Any CPU.Build.0 = Release|Any CPU
		{C1FFDF86-3FC5-7DA7-3C82-613504B7724E}.Debug|Any CPU.ActiveCfg = Debug|Any CPU
		{C1FFDF86-3FC5-7DA7-3C82-613504B7724E}.Debug|Any CPU.Build.0 = Debug|Any CPU
		{C1FFDF86-3FC5-7DA7-3C82-613504B7724E}.Release|Any CPU.ActiveCfg = Release|Any CPU
		{C1FFDF86-3FC5-7DA7-3C82-613504B7724E}.Release|Any CPU.Build.0 = Release|Any CPU
		{AA2A3F54-9C09-2897-EC05-1FA2CEFA6656}.Debug|Any CPU.ActiveCfg = Debug|Any CPU
		{AA2A3F54-9C09-2897-EC05-1FA2CEFA6656}.Debug|Any CPU.Build.0 = Debug|Any CPU
		{AA2A3F54-9C09-2897-EC05-1FA2CEFA6656}.Release|Any CPU.ActiveCfg = Release|Any CPU
		{AA2A3F54-9C09-2897-EC05-1FA2CEFA6656}.Release|Any CPU.Build.0 = Release|Any CPU
		{7499C2DC-E57E-D291-4834-E2BBBE24EF26}.Debug|Any CPU.ActiveCfg = Debug|Any CPU
		{7499C2DC-E57E-D291-4834-E2BBBE24EF26}.Debug|Any CPU.Build.0 = Debug|Any CPU
		{7499C2DC-E57E-D291-4834-E2BBBE24EF26}.Release|Any CPU.ActiveCfg = Release|Any CPU
		{7499C2DC-E57E-D291-4834-E2BBBE24EF26}.Release|Any CPU.Build.0 = Release|Any CPU
		{5F4F565A-04D6-1FB5-118E-621500A6DCB0}.Debug|Any CPU.ActiveCfg = Debug|Any CPU
		{5F4F565A-04D6-1FB5-118E-621500A6DCB0}.Debug|Any CPU.Build.0 = Debug|Any CPU
		{5F4F565A-04D6-1FB5-118E-621500A6DCB0}.Release|Any CPU.ActiveCfg = Release|Any CPU
		{5F4F565A-04D6-1FB5-118E-621500A6DCB0}.Release|Any CPU.Build.0 = Release|Any CPU
		{2514A1AC-07D9-AD4C-DF6E-01ACC6FEE6C9}.Debug|Any CPU.ActiveCfg = Debug|Any CPU
		{2514A1AC-07D9-AD4C-DF6E-01ACC6FEE6C9}.Debug|Any CPU.Build.0 = Debug|Any CPU
		{2514A1AC-07D9-AD4C-DF6E-01ACC6FEE6C9}.Release|Any CPU.ActiveCfg = Release|Any CPU
		{2514A1AC-07D9-AD4C-DF6E-01ACC6FEE6C9}.Release|Any CPU.Build.0 = Release|Any CPU
		{258D98E4-4D8E-3D43-F88D-ADB38CDC96C1}.Debug|Any CPU.ActiveCfg = Debug|Any CPU
		{258D98E4-4D8E-3D43-F88D-ADB38CDC96C1}.Debug|Any CPU.Build.0 = Debug|Any CPU
		{258D98E4-4D8E-3D43-F88D-ADB38CDC96C1}.Release|Any CPU.ActiveCfg = Release|Any CPU
		{258D98E4-4D8E-3D43-F88D-ADB38CDC96C1}.Release|Any CPU.Build.0 = Release|Any CPU
		{3C4FE956-7E2F-9531-2EE7-2329C0B7745E}.Debug|Any CPU.ActiveCfg = Debug|Any CPU
		{3C4FE956-7E2F-9531-2EE7-2329C0B7745E}.Debug|Any CPU.Build.0 = Debug|Any CPU
		{3C4FE956-7E2F-9531-2EE7-2329C0B7745E}.Release|Any CPU.ActiveCfg = Release|Any CPU
		{3C4FE956-7E2F-9531-2EE7-2329C0B7745E}.Release|Any CPU.Build.0 = Release|Any CPU
		{A3249519-276F-9A90-563D-3AF95E44BFE0}.Debug|Any CPU.ActiveCfg = Debug|Any CPU
		{A3249519-276F-9A90-563D-3AF95E44BFE0}.Debug|Any CPU.Build.0 = Debug|Any CPU
		{A3249519-276F-9A90-563D-3AF95E44BFE0}.Release|Any CPU.ActiveCfg = Release|Any CPU
		{A3249519-276F-9A90-563D-3AF95E44BFE0}.Release|Any CPU.Build.0 = Release|Any CPU
		{E115E739-86D4-C824-2004-FA113291F784}.Debug|Any CPU.ActiveCfg = Debug|Any CPU
		{E115E739-86D4-C824-2004-FA113291F784}.Debug|Any CPU.Build.0 = Debug|Any CPU
		{E115E739-86D4-C824-2004-FA113291F784}.Release|Any CPU.ActiveCfg = Release|Any CPU
		{E115E739-86D4-C824-2004-FA113291F784}.Release|Any CPU.Build.0 = Release|Any CPU
		{2CD0C4DC-9691-6470-4892-0F053FCEE9A0}.Debug|Any CPU.ActiveCfg = Debug|Any CPU
		{2CD0C4DC-9691-6470-4892-0F053FCEE9A0}.Debug|Any CPU.Build.0 = Debug|Any CPU
		{2CD0C4DC-9691-6470-4892-0F053FCEE9A0}.Release|Any CPU.ActiveCfg = Release|Any CPU
		{2CD0C4DC-9691-6470-4892-0F053FCEE9A0}.Release|Any CPU.Build.0 = Release|Any CPU
		{BA0ED5ED-0C7A-BBE9-00B1-1F84C83BA412}.Debug|Any CPU.ActiveCfg = Debug|Any CPU
		{BA0ED5ED-0C7A-BBE9-00B1-1F84C83BA412}.Debug|Any CPU.Build.0 = Debug|Any CPU
		{BA0ED5ED-0C7A-BBE9-00B1-1F84C83BA412}.Release|Any CPU.ActiveCfg = Release|Any CPU
		{BA0ED5ED-0C7A-BBE9-00B1-1F84C83BA412}.Release|Any CPU.Build.0 = Release|Any CPU
		{88479939-1F08-51FB-3A2B-39C703C21653}.Debug|Any CPU.ActiveCfg = Debug|Any CPU
		{88479939-1F08-51FB-3A2B-39C703C21653}.Debug|Any CPU.Build.0 = Debug|Any CPU
		{88479939-1F08-51FB-3A2B-39C703C21653}.Release|Any CPU.ActiveCfg = Release|Any CPU
		{88479939-1F08-51FB-3A2B-39C703C21653}.Release|Any CPU.Build.0 = Release|Any CPU
		{8CC56DFD-016B-7307-E0E0-CB66A172E57B}.Debug|Any CPU.ActiveCfg = Debug|Any CPU
		{8CC56DFD-016B-7307-E0E0-CB66A172E57B}.Debug|Any CPU.Build.0 = Debug|Any CPU
		{8CC56DFD-016B-7307-E0E0-CB66A172E57B}.Release|Any CPU.ActiveCfg = Release|Any CPU
		{8CC56DFD-016B-7307-E0E0-CB66A172E57B}.Release|Any CPU.Build.0 = Release|Any CPU
		{3AB4E3CD-BC7A-91AD-77ED-30627C6B8423}.Debug|Any CPU.ActiveCfg = Debug|Any CPU
		{3AB4E3CD-BC7A-91AD-77ED-30627C6B8423}.Debug|Any CPU.Build.0 = Debug|Any CPU
		{3AB4E3CD-BC7A-91AD-77ED-30627C6B8423}.Release|Any CPU.ActiveCfg = Release|Any CPU
		{3AB4E3CD-BC7A-91AD-77ED-30627C6B8423}.Release|Any CPU.Build.0 = Release|Any CPU
		{1C9AF978-C62A-1EAE-5ADE-70846941A314}.Debug|Any CPU.ActiveCfg = Debug|Any CPU
		{1C9AF978-C62A-1EAE-5ADE-70846941A314}.Debug|Any CPU.Build.0 = Debug|Any CPU
		{1C9AF978-C62A-1EAE-5ADE-70846941A314}.Release|Any CPU.ActiveCfg = Release|Any CPU
		{1C9AF978-C62A-1EAE-5ADE-70846941A314}.Release|Any CPU.Build.0 = Release|Any CPU
		{A0B7D39A-E50E-DC3F-921D-FFF85EAB5299}.Debug|Any CPU.ActiveCfg = Debug|Any CPU
		{A0B7D39A-E50E-DC3F-921D-FFF85EAB5299}.Debug|Any CPU.Build.0 = Debug|Any CPU
		{A0B7D39A-E50E-DC3F-921D-FFF85EAB5299}.Release|Any CPU.ActiveCfg = Release|Any CPU
		{A0B7D39A-E50E-DC3F-921D-FFF85EAB5299}.Release|Any CPU.Build.0 = Release|Any CPU
		{CBB07E67-20DE-E328-9904-9BDC602EE057}.Debug|Any CPU.ActiveCfg = Debug|Any CPU
		{CBB07E67-20DE-E328-9904-9BDC602EE057}.Debug|Any CPU.Build.0 = Debug|Any CPU
		{CBB07E67-20DE-E328-9904-9BDC602EE057}.Release|Any CPU.ActiveCfg = Release|Any CPU
		{CBB07E67-20DE-E328-9904-9BDC602EE057}.Release|Any CPU.Build.0 = Release|Any CPU
		{272105A0-D666-07E1-AE84-4B0C8EB3A81E}.Debug|Any CPU.ActiveCfg = Debug|Any CPU
		{272105A0-D666-07E1-AE84-4B0C8EB3A81E}.Debug|Any CPU.Build.0 = Debug|Any CPU
		{272105A0-D666-07E1-AE84-4B0C8EB3A81E}.Release|Any CPU.ActiveCfg = Release|Any CPU
		{272105A0-D666-07E1-AE84-4B0C8EB3A81E}.Release|Any CPU.Build.0 = Release|Any CPU
		{B8B43AE7-E22D-DE52-1538-D4DF73A6C469}.Debug|Any CPU.ActiveCfg = Debug|Any CPU
		{B8B43AE7-E22D-DE52-1538-D4DF73A6C469}.Debug|Any CPU.Build.0 = Debug|Any CPU
		{B8B43AE7-E22D-DE52-1538-D4DF73A6C469}.Release|Any CPU.ActiveCfg = Release|Any CPU
		{B8B43AE7-E22D-DE52-1538-D4DF73A6C469}.Release|Any CPU.Build.0 = Release|Any CPU
		{C9ABED07-864C-765F-4149-CF3C8BE29EAE}.Debug|Any CPU.ActiveCfg = Debug|Any CPU
		{C9ABED07-864C-765F-4149-CF3C8BE29EAE}.Debug|Any CPU.Build.0 = Debug|Any CPU
		{C9ABED07-864C-765F-4149-CF3C8BE29EAE}.Release|Any CPU.ActiveCfg = Release|Any CPU
		{C9ABED07-864C-765F-4149-CF3C8BE29EAE}.Release|Any CPU.Build.0 = Release|Any CPU
		{4B37C812-2C87-F3E7-BBA1-BFFCD700FAA2}.Debug|Any CPU.ActiveCfg = Debug|Any CPU
		{4B37C812-2C87-F3E7-BBA1-BFFCD700FAA2}.Debug|Any CPU.Build.0 = Debug|Any CPU
		{4B37C812-2C87-F3E7-BBA1-BFFCD700FAA2}.Release|Any CPU.ActiveCfg = Release|Any CPU
		{4B37C812-2C87-F3E7-BBA1-BFFCD700FAA2}.Release|Any CPU.Build.0 = Release|Any CPU
		{7C4ADDF8-ADF5-CA1E-955D-F635E5DB557E}.Debug|Any CPU.ActiveCfg = Debug|Any CPU
		{7C4ADDF8-ADF5-CA1E-955D-F635E5DB557E}.Debug|Any CPU.Build.0 = Debug|Any CPU
		{7C4ADDF8-ADF5-CA1E-955D-F635E5DB557E}.Release|Any CPU.ActiveCfg = Release|Any CPU
		{7C4ADDF8-ADF5-CA1E-955D-F635E5DB557E}.Release|Any CPU.Build.0 = Release|Any CPU
		{14877A35-3680-F501-4D07-6FE6F4AAB021}.Debug|Any CPU.ActiveCfg = Debug|Any CPU
		{14877A35-3680-F501-4D07-6FE6F4AAB021}.Debug|Any CPU.Build.0 = Debug|Any CPU
		{14877A35-3680-F501-4D07-6FE6F4AAB021}.Release|Any CPU.ActiveCfg = Release|Any CPU
		{14877A35-3680-F501-4D07-6FE6F4AAB021}.Release|Any CPU.Build.0 = Release|Any CPU
		{B7C1582D-F982-C6A8-FB50-B82B63552D98}.Debug|Any CPU.ActiveCfg = Debug|Any CPU
		{B7C1582D-F982-C6A8-FB50-B82B63552D98}.Debug|Any CPU.Build.0 = Debug|Any CPU
		{B7C1582D-F982-C6A8-FB50-B82B63552D98}.Release|Any CPU.ActiveCfg = Release|Any CPU
		{B7C1582D-F982-C6A8-FB50-B82B63552D98}.Release|Any CPU.Build.0 = Release|Any CPU
		{E7C9881A-59CA-5B83-5888-6B85D7EC069D}.Debug|Any CPU.ActiveCfg = Debug|Any CPU
		{E7C9881A-59CA-5B83-5888-6B85D7EC069D}.Debug|Any CPU.Build.0 = Debug|Any CPU
		{E7C9881A-59CA-5B83-5888-6B85D7EC069D}.Release|Any CPU.ActiveCfg = Release|Any CPU
		{E7C9881A-59CA-5B83-5888-6B85D7EC069D}.Release|Any CPU.Build.0 = Release|Any CPU
		{A7F0D348-FCAD-0A27-6007-472A0B3639EF}.Debug|Any CPU.ActiveCfg = Debug|Any CPU
		{A7F0D348-FCAD-0A27-6007-472A0B3639EF}.Debug|Any CPU.Build.0 = Debug|Any CPU
		{A7F0D348-FCAD-0A27-6007-472A0B3639EF}.Release|Any CPU.ActiveCfg = Release|Any CPU
		{A7F0D348-FCAD-0A27-6007-472A0B3639EF}.Release|Any CPU.Build.0 = Release|Any CPU
		{4F1D72DD-4F88-9664-F776-02CF53796243}.Debug|Any CPU.ActiveCfg = Debug|Any CPU
		{4F1D72DD-4F88-9664-F776-02CF53796243}.Debug|Any CPU.Build.0 = Debug|Any CPU
		{4F1D72DD-4F88-9664-F776-02CF53796243}.Release|Any CPU.ActiveCfg = Release|Any CPU
		{4F1D72DD-4F88-9664-F776-02CF53796243}.Release|Any CPU.Build.0 = Release|Any CPU
		{5DED3398-E6DF-F7FB-8438-9A98CC76314E}.Debug|Any CPU.ActiveCfg = Debug|Any CPU
		{5DED3398-E6DF-F7FB-8438-9A98CC76314E}.Debug|Any CPU.Build.0 = Debug|Any CPU
		{5DED3398-E6DF-F7FB-8438-9A98CC76314E}.Release|Any CPU.ActiveCfg = Release|Any CPU
		{5DED3398-E6DF-F7FB-8438-9A98CC76314E}.Release|Any CPU.Build.0 = Release|Any CPU
		{3DA33F70-C8DB-C51C-D429-D64F800C44CC}.Debug|Any CPU.ActiveCfg = Debug|Any CPU
		{3DA33F70-C8DB-C51C-D429-D64F800C44CC}.Debug|Any CPU.Build.0 = Debug|Any CPU
		{3DA33F70-C8DB-C51C-D429-D64F800C44CC}.Release|Any CPU.ActiveCfg = Release|Any CPU
		{3DA33F70-C8DB-C51C-D429-D64F800C44CC}.Release|Any CPU.Build.0 = Release|Any CPU
		{A963BFE4-5969-3625-0EFD-21E3500FEF35}.Debug|Any CPU.ActiveCfg = Debug|Any CPU
		{A963BFE4-5969-3625-0EFD-21E3500FEF35}.Debug|Any CPU.Build.0 = Debug|Any CPU
		{A963BFE4-5969-3625-0EFD-21E3500FEF35}.Release|Any CPU.ActiveCfg = Release|Any CPU
		{A963BFE4-5969-3625-0EFD-21E3500FEF35}.Release|Any CPU.Build.0 = Release|Any CPU
	EndGlobalSection
	GlobalSection(SolutionProperties) = preSolution
		HideSolutionNode = FALSE
	EndGlobalSection
EndGlobal
